Microsoft Visual Studio Solution File, Format Version 12.00
# Visual Studio 14
Project("{8BC9CEB8-8B4A-11D0-8D11-00A0C91BC942}") = "ALL_BUILD", "ALL_BUILD.vcxproj", "{F8212039-DD9C-305A-9625-B295BFAE2A39}"
	ProjectSection(ProjectDependencies) = postProject
		{70D41602-9E43-34E0-8FD2-21CE70C54E90} = {70D41602-9E43-34E0-8FD2-21CE70C54E90}
		{923672A3-E522-3F1F-BF2B-A8AD4FA26516} = {923672A3-E522-3F1F-BF2B-A8AD4FA26516}
	EndProjectSection
EndProject
Project("{8BC9CEB8-8B4A-11D0-8D11-00A0C91BC942}") = "ZERO_CHECK", "ZERO_CHECK.vcxproj", "{70D41602-9E43-34E0-8FD2-21CE70C54E90}"
	ProjectSection(ProjectDependencies) = postProject
	EndProjectSection
EndProject
Project("{8BC9CEB8-8B4A-11D0-8D11-00A0C91BC942}") = "zlib-download", "zlib-download.vcxproj", "{923672A3-E522-3F1F-BF2B-A8AD4FA26516}"
	ProjectSection(ProjectDependencies) = postProject
		{70D41602-9E43-34E0-8FD2-21CE70C54E90} = {70D41602-9E43-34E0-8FD2-21CE70C54E90}
	EndProjectSection
EndProject
Global
	GlobalSection(SolutionConfigurationPlatforms) = preSolution
		Debug|x64 = Debug|x64
		Release|x64 = Release|x64
		MinSizeRel|x64 = MinSizeRel|x64
		RelWithDebInfo|x64 = RelWithDebInfo|x64
	EndGlobalSection
	GlobalSection(ProjectConfigurationPlatforms) = postSolution
		{F8212039-DD9C-305A-9625-B295BFAE2A39}.Debug|x64.ActiveCfg = Debug|x64
		{F8212039-DD9C-305A-9625-B295BFAE2A39}.Release|x64.ActiveCfg = Release|x64
		{F8212039-DD9C-305A-9625-B295BFAE2A39}.MinSizeRel|x64.ActiveCfg = MinSizeRel|x64
		{F8212039-DD9C-305A-9625-B295BFAE2A39}.RelWithDebInfo|x64.ActiveCfg = RelWithDebInfo|x64
		{70D41602-9E43-34E0-8FD2-21CE70C54E90}.Debug|x64.ActiveCfg = Debug|x64
		{70D41602-9E43-34E0-8FD2-21CE70C54E90}.Debug|x64.Build.0 = Debug|x64
		{70D41602-9E43-34E0-8FD2-21CE70C54E90}.Release|x64.ActiveCfg = Release|x64
		{70D41602-9E43-34E0-8FD2-21CE70C54E90}.Release|x64.Build.0 = Release|x64
		{70D41602-9E43-34E0-8FD2-21CE70C54E90}.MinSizeRel|x64.ActiveCfg = MinSizeRel|x64
		{70D41602-9E43-34E0-8FD2-21CE70C54E90}.MinSizeRel|x64.Build.0 = MinSizeRel|x64
		{70D41602-9E43-34E0-8FD2-21CE70C54E90}.RelWithDebInfo|x64.ActiveCfg = RelWithDebInfo|x64
		{70D41602-9E43-34E0-8FD2-21CE70C54E90}.RelWithDebInfo|x64.Build.0 = RelWithDebInfo|x64
		{923672A3-E522-3F1F-BF2B-A8AD4FA26516}.Debug|x64.ActiveCfg = Debug|x64
		{923672A3-E522-3F1F-BF2B-A8AD4FA26516}.Debug|x64.Build.0 = Debug|x64
		{923672A3-E522-3F1F-BF2B-A8AD4FA26516}.Release|x64.ActiveCfg = Release|x64
		{923672A3-E522-3F1F-BF2B-A8AD4FA26516}.Release|x64.Build.0 = Release|x64
		{923672A3-E522-3F1F-BF2B-A8AD4FA26516}.MinSizeRel|x64.ActiveCfg = MinSizeRel|x64
		{923672A3-E522-3F1F-BF2B-A8AD4FA26516}.MinSizeRel|x64.Build.0 = MinSizeRel|x64
		{923672A3-E522-3F1F-BF2B-A8AD4FA26516}.RelWithDebInfo|x64.ActiveCfg = RelWithDebInfo|x64
		{923672A3-E522-3F1F-BF2B-A8AD4FA26516}.RelWithDebInfo|x64.Build.0 = RelWithDebInfo|x64
	EndGlobalSection
	GlobalSection(ExtensibilityGlobals) = postSolution
	EndGlobalSection
	GlobalSection(ExtensibilityAddIns) = postSolution
	EndGlobalSection
EndGlobal
