Microsoft Visual Studio Solution File, Format Version 12.00
# Visual Studio 14
Project("{2150E333-8FDC-42A3-9474-1A3956D46DE8}") = "CMakePredefinedTargets", "CMakePredefinedTargets", "{7CFAF2C1-5934-370D-B2DF-050AA1233233}"
EndProject
Project("{2150E333-8FDC-42A3-9474-1A3956D46DE8}") = "DEPS", "DEPS", "{E5D989F0-DDB1-38F6-AAA6-9716979B52F2}"
EndProject
Project("{2150E333-8FDC-42A3-9474-1A3956D46DE8}") = "JUNK", "JUNK", "{BCFDD55A-4168-3AED-912E-37070EAC9A5B}"
EndProject
Project("{8BC9CEB8-8B4A-11D0-8D11-00A0C91BC942}") = "ALL_BUILD", "ALL_BUILD.vcxproj", "{1914F34F-074B-3C5A-AFEB-2084445AD740}"
	ProjectSection(ProjectDependencies) = postProject
		{33B3B05E-9E2D-3B33-86D8-C28CD4B3D2E9} = {33B3B05E-9E2D-3B33-86D8-C28CD4B3D2E9}
		{D9504BD6-7562-328E-98DD-646DC1ECD578} = {D9504BD6-7562-328E-98DD-646DC1ECD578}
		{D65248CE-41C3-3452-A016-CCF30E7A1989} = {D65248CE-41C3-3452-A016-CCF30E7A1989}
		{6E5DE55C-330A-3E0D-BB3D-E20D4D5BE09C} = {6E5DE55C-330A-3E0D-BB3D-E20D4D5BE09C}
		{1B2D518F-A618-38F7-9A95-8D95F171A444} = {1B2D518F-A618-38F7-9A95-8D95F171A444}
	EndProjectSection
EndProject
Project("{8BC9CEB8-8B4A-11D0-8D11-00A0C91BC942}") = "INSTALL", "INSTALL.vcxproj", "{4B328AE6-1FD5-33FD-B15C-C2F7264F62F7}"
	ProjectSection(ProjectDependencies) = postProject
		{1914F34F-074B-3C5A-AFEB-2084445AD740} = {1914F34F-074B-3C5A-AFEB-2084445AD740}
		{33B3B05E-9E2D-3B33-86D8-C28CD4B3D2E9} = {33B3B05E-9E2D-3B33-86D8-C28CD4B3D2E9}
	EndProjectSection
EndProject
Project("{8BC9CEB8-8B4A-11D0-8D11-00A0C91BC942}") = "ZERO_CHECK", "..\\ZERO_CHECK.vcxproj", "{33B3B05E-9E2D-3B33-86D8-C28CD4B3D2E9}"
	ProjectSection(ProjectDependencies) = postProject
	EndProjectSection
EndProject
Project("{8BC9CEB8-8B4A-11D0-8D11-00A0C91BC942}") = "example", "example.vcxproj", "{D9504BD6-7562-328E-98DD-646DC1ECD578}"
	ProjectSection(ProjectDependencies) = postProject
		{33B3B05E-9E2D-3B33-86D8-C28CD4B3D2E9} = {33B3B05E-9E2D-3B33-86D8-C28CD4B3D2E9}
		{6E5DE55C-330A-3E0D-BB3D-E20D4D5BE09C} = {6E5DE55C-330A-3E0D-BB3D-E20D4D5BE09C}
	EndProjectSection
EndProject
Project("{8BC9CEB8-8B4A-11D0-8D11-00A0C91BC942}") = "minigzip", "minigzip.vcxproj", "{D65248CE-41C3-3452-A016-CCF30E7A1989}"
	ProjectSection(ProjectDependencies) = postProject
		{33B3B05E-9E2D-3B33-86D8-C28CD4B3D2E9} = {33B3B05E-9E2D-3B33-86D8-C28CD4B3D2E9}
		{6E5DE55C-330A-3E0D-BB3D-E20D4D5BE09C} = {6E5DE55C-330A-3E0D-BB3D-E20D4D5BE09C}
	EndProjectSection
EndProject
Project("{8BC9CEB8-8B4A-11D0-8D11-00A0C91BC942}") = "zlib", "zlib.vcxproj", "{6E5DE55C-330A-3E0D-BB3D-E20D4D5BE09C}"
	ProjectSection(ProjectDependencies) = postProject
		{33B3B05E-9E2D-3B33-86D8-C28CD4B3D2E9} = {33B3B05E-9E2D-3B33-86D8-C28CD4B3D2E9}
	EndProjectSection
EndProject
Project("{8BC9CEB8-8B4A-11D0-8D11-00A0C91BC942}") = "zlibstatic", "zlibstatic.vcxproj", "{1B2D518F-A618-38F7-9A95-8D95F171A444}"
	ProjectSection(ProjectDependencies) = postProject
		{33B3B05E-9E2D-3B33-86D8-C28CD4B3D2E9} = {33B3B05E-9E2D-3B33-86D8-C28CD4B3D2E9}
	EndProjectSection
EndProject
Global
	GlobalSection(SolutionConfigurationPlatforms) = preSolution
		Debug|x64 = Debug|x64
		Release|x64 = Release|x64
		MinSizeRel|x64 = MinSizeRel|x64
		RelWithDebInfo|x64 = RelWithDebInfo|x64
	EndGlobalSection
	GlobalSection(ProjectConfigurationPlatforms) = postSolution
		{1914F34F-074B-3C5A-AFEB-2084445AD740}.Debug|x64.ActiveCfg = Debug|x64
		{1914F34F-074B-3C5A-AFEB-2084445AD740}.Debug|x64.Build.0 = Debug|x64
		{1914F34F-074B-3C5A-AFEB-2084445AD740}.Release|x64.ActiveCfg = Release|x64
		{1914F34F-074B-3C5A-AFEB-2084445AD740}.Release|x64.Build.0 = Release|x64
		{1914F34F-074B-3C5A-AFEB-2084445AD740}.MinSizeRel|x64.ActiveCfg = MinSizeRel|x64
		{1914F34F-074B-3C5A-AFEB-2084445AD740}.MinSizeRel|x64.Build.0 = MinSizeRel|x64
		{1914F34F-074B-3C5A-AFEB-2084445AD740}.RelWithDebInfo|x64.ActiveCfg = RelWithDebInfo|x64
		{1914F34F-074B-3C5A-AFEB-2084445AD740}.RelWithDebInfo|x64.Build.0 = RelWithDebInfo|x64
		{4B328AE6-1FD5-33FD-B15C-C2F7264F62F7}.Debug|x64.ActiveCfg = Debug|x64
		{4B328AE6-1FD5-33FD-B15C-C2F7264F62F7}.Release|x64.ActiveCfg = Release|x64
		{4B328AE6-1FD5-33FD-B15C-C2F7264F62F7}.MinSizeRel|x64.ActiveCfg = MinSizeRel|x64
		{4B328AE6-1FD5-33FD-B15C-C2F7264F62F7}.RelWithDebInfo|x64.ActiveCfg = RelWithDebInfo|x64
		{33B3B05E-9E2D-3B33-86D8-C28CD4B3D2E9}.Debug|x64.ActiveCfg = Debug|x64
		{33B3B05E-9E2D-3B33-86D8-C28CD4B3D2E9}.Debug|x64.Build.0 = Debug|x64
		{33B3B05E-9E2D-3B33-86D8-C28CD4B3D2E9}.Release|x64.ActiveCfg = Release|x64
		{33B3B05E-9E2D-3B33-86D8-C28CD4B3D2E9}.Release|x64.Build.0 = Release|x64
		{33B3B05E-9E2D-3B33-86D8-C28CD4B3D2E9}.MinSizeRel|x64.ActiveCfg = MinSizeRel|x64
		{33B3B05E-9E2D-3B33-86D8-C28CD4B3D2E9}.MinSizeRel|x64.Build.0 = MinSizeRel|x64
		{33B3B05E-9E2D-3B33-86D8-C28CD4B3D2E9}.RelWithDebInfo|x64.ActiveCfg = RelWithDebInfo|x64
		{33B3B05E-9E2D-3B33-86D8-C28CD4B3D2E9}.RelWithDebInfo|x64.Build.0 = RelWithDebInfo|x64
		{D9504BD6-7562-328E-98DD-646DC1ECD578}.Debug|x64.ActiveCfg = Debug|x64
		{D9504BD6-7562-328E-98DD-646DC1ECD578}.Debug|x64.Build.0 = Debug|x64
		{D9504BD6-7562-328E-98DD-646DC1ECD578}.Release|x64.ActiveCfg = Release|x64
		{D9504BD6-7562-328E-98DD-646DC1ECD578}.Release|x64.Build.0 = Release|x64
		{D9504BD6-7562-328E-98DD-646DC1ECD578}.MinSizeRel|x64.ActiveCfg = MinSizeRel|x64
		{D9504BD6-7562-328E-98DD-646DC1ECD578}.MinSizeRel|x64.Build.0 = MinSizeRel|x64
		{D9504BD6-7562-328E-98DD-646DC1ECD578}.RelWithDebInfo|x64.ActiveCfg = RelWithDebInfo|x64
		{D9504BD6-7562-328E-98DD-646DC1ECD578}.RelWithDebInfo|x64.Build.0 = RelWithDebInfo|x64
		{D65248CE-41C3-3452-A016-CCF30E7A1989}.Debug|x64.ActiveCfg = Debug|x64
		{D65248CE-41C3-3452-A016-CCF30E7A1989}.Debug|x64.Build.0 = Debug|x64
		{D65248CE-41C3-3452-A016-CCF30E7A1989}.Release|x64.ActiveCfg = Release|x64
		{D65248CE-41C3-3452-A016-CCF30E7A1989}.Release|x64.Build.0 = Release|x64
		{D65248CE-41C3-3452-A016-CCF30E7A1989}.MinSizeRel|x64.ActiveCfg = MinSizeRel|x64
		{D65248CE-41C3-3452-A016-CCF30E7A1989}.MinSizeRel|x64.Build.0 = MinSizeRel|x64
		{D65248CE-41C3-3452-A016-CCF30E7A1989}.RelWithDebInfo|x64.ActiveCfg = RelWithDebInfo|x64
		{D65248CE-41C3-3452-A016-CCF30E7A1989}.RelWithDebInfo|x64.Build.0 = RelWithDebInfo|x64
		{6E5DE55C-330A-3E0D-BB3D-E20D4D5BE09C}.Debug|x64.ActiveCfg = Debug|x64
		{6E5DE55C-330A-3E0D-BB3D-E20D4D5BE09C}.Debug|x64.Build.0 = Debug|x64
		{6E5DE55C-330A-3E0D-BB3D-E20D4D5BE09C}.Release|x64.ActiveCfg = Release|x64
		{6E5DE55C-330A-3E0D-BB3D-E20D4D5BE09C}.Release|x64.Build.0 = Release|x64
		{6E5DE55C-330A-3E0D-BB3D-E20D4D5BE09C}.MinSizeRel|x64.ActiveCfg = MinSizeRel|x64
		{6E5DE55C-330A-3E0D-BB3D-E20D4D5BE09C}.MinSizeRel|x64.Build.0 = MinSizeRel|x64
		{6E5DE55C-330A-3E0D-BB3D-E20D4D5BE09C}.RelWithDebInfo|x64.ActiveCfg = RelWithDebInfo|x64
		{6E5DE55C-330A-3E0D-BB3D-E20D4D5BE09C}.RelWithDebInfo|x64.Build.0 = RelWithDebInfo|x64
		{1B2D518F-A618-38F7-9A95-8D95F171A444}.Debug|x64.ActiveCfg = Debug|x64
		{1B2D518F-A618-38F7-9A95-8D95F171A444}.Debug|x64.Build.0 = Debug|x64
		{1B2D518F-A618-38F7-9A95-8D95F171A444}.Release|x64.ActiveCfg = Release|x64
		{1B2D518F-A618-38F7-9A95-8D95F171A444}.Release|x64.Build.0 = Release|x64
		{1B2D518F-A618-38F7-9A95-8D95F171A444}.MinSizeRel|x64.ActiveCfg = MinSizeRel|x64
		{1B2D518F-A618-38F7-9A95-8D95F171A444}.MinSizeRel|x64.Build.0 = MinSizeRel|x64
		{1B2D518F-A618-38F7-9A95-8D95F171A444}.RelWithDebInfo|x64.ActiveCfg = RelWithDebInfo|x64
		{1B2D518F-A618-38F7-9A95-8D95F171A444}.RelWithDebInfo|x64.Build.0 = RelWithDebInfo|x64
	EndGlobalSection
	GlobalSection(NestedProjects) = preSolution
		{1914F34F-074B-3C5A-AFEB-2084445AD740} = {7CFAF2C1-5934-370D-B2DF-050AA1233233}
		{4B328AE6-1FD5-33FD-B15C-C2F7264F62F7} = {7CFAF2C1-5934-370D-B2DF-050AA1233233}
		{33B3B05E-9E2D-3B33-86D8-C28CD4B3D2E9} = {7CFAF2C1-5934-370D-B2DF-050AA1233233}
		{6E5DE55C-330A-3E0D-BB3D-E20D4D5BE09C} = {E5D989F0-DDB1-38F6-AAA6-9716979B52F2}
		{D9504BD6-7562-328E-98DD-646DC1ECD578} = {BCFDD55A-4168-3AED-912E-37070EAC9A5B}
		{D65248CE-41C3-3452-A016-CCF30E7A1989} = {BCFDD55A-4168-3AED-912E-37070EAC9A5B}
		{1B2D518F-A618-38F7-9A95-8D95F171A444} = {BCFDD55A-4168-3AED-912E-37070EAC9A5B}
	EndGlobalSection
	GlobalSection(ExtensibilityGlobals) = postSolution
	EndGlobalSection
	GlobalSection(ExtensibilityAddIns) = postSolution
	EndGlobalSection
EndGlobal
