Microsoft Visual Studio Solution File, Format Version 12.00
# Visual Studio 14
Project("{2150E333-8FDC-42A3-9474-1A3956D46DE8}") = "CMakePredefinedTargets", "CMakePredefinedTargets", "{7CFAF2C1-5934-370D-B2DF-050AA1233233}"
EndProject
Project("{2150E333-8FDC-42A3-9474-1A3956D46DE8}") = "DEPS", "DEPS", "{E5D989F0-DDB1-38F6-AAA6-9716979B52F2}"
EndProject
Project("{8BC9CEB8-8B4A-11D0-8D11-00A0C91BC942}") = "ALL_BUILD", "ALL_BUILD.vcxproj", "{1914F34F-074B-3C5A-AFEB-2084445AD740}"
	ProjectSection(ProjectDependencies) = postProject
		{BE392409-FE45-35D9-A138-A72E9F9342A1} = {BE392409-FE45-35D9-A138-A72E9F9342A1}
		{33B3B05E-9E2D-3B33-86D8-C28CD4B3D2E9} = {33B3B05E-9E2D-3B33-86D8-C28CD4B3D2E9}
	EndProjectSection
EndProject
Project("{8BC9CEB8-8B4A-11D0-8D11-00A0C91BC942}") = "IL", "IL.vcxproj", "{BE392409-FE45-35D9-A138-A72E9F9342A1}"
	ProjectSection(ProjectDependencies) = postProject
		{33B3B05E-9E2D-3B33-86D8-C28CD4B3D2E9} = {33B3B05E-9E2D-3B33-86D8-C28CD4B3D2E9}
		{E7DBDD3C-D014-348C-B7EC-1414E042549C} = {E7DBDD3C-D014-348C-B7EC-1414E042549C}
		{D9DE09A6-1B1B-30C6-907B-9A0D9BD85002} = {D9DE09A6-1B1B-30C6-907B-9A0D9BD85002}
		{6E5DE55C-330A-3E0D-BB3D-E20D4D5BE09C} = {6E5DE55C-330A-3E0D-BB3D-E20D4D5BE09C}
	EndProjectSection
EndProject
Project("{8BC9CEB8-8B4A-11D0-8D11-00A0C91BC942}") = "INSTALL", "INSTALL.vcxproj", "{4B328AE6-1FD5-33FD-B15C-C2F7264F62F7}"
	ProjectSection(ProjectDependencies) = postProject
		{1914F34F-074B-3C5A-AFEB-2084445AD740} = {1914F34F-074B-3C5A-AFEB-2084445AD740}
		{33B3B05E-9E2D-3B33-86D8-C28CD4B3D2E9} = {33B3B05E-9E2D-3B33-86D8-C28CD4B3D2E9}
	EndProjectSection
EndProject
Project("{8BC9CEB8-8B4A-11D0-8D11-00A0C91BC942}") = "ZERO_CHECK", "..\..\\ZERO_CHECK.vcxproj", "{33B3B05E-9E2D-3B33-86D8-C28CD4B3D2E9}"
	ProjectSection(ProjectDependencies) = postProject
	EndProjectSection
EndProject
Project("{8BC9CEB8-8B4A-11D0-8D11-00A0C91BC942}") = "genfiles", "..\..\libpng-build\genfiles.vcxproj", "{2F2F22B3-F522-346B-A313-9265CEE8A7BA}"
	ProjectSection(ProjectDependencies) = postProject
		{33B3B05E-9E2D-3B33-86D8-C28CD4B3D2E9} = {33B3B05E-9E2D-3B33-86D8-C28CD4B3D2E9}
	EndProjectSection
EndProject
Project("{8BC9CEB8-8B4A-11D0-8D11-00A0C91BC942}") = "jpeg", "..\..\libjpeg-build\jpeg.vcxproj", "{E7DBDD3C-D014-348C-B7EC-1414E042549C}"
	ProjectSection(ProjectDependencies) = postProject
		{33B3B05E-9E2D-3B33-86D8-C28CD4B3D2E9} = {33B3B05E-9E2D-3B33-86D8-C28CD4B3D2E9}
	EndProjectSection
EndProject
Project("{8BC9CEB8-8B4A-11D0-8D11-00A0C91BC942}") = "png", "..\..\libpng-build\png.vcxproj", "{D9DE09A6-1B1B-30C6-907B-9A0D9BD85002}"
	ProjectSection(ProjectDependencies) = postProject
		{33B3B05E-9E2D-3B33-86D8-C28CD4B3D2E9} = {33B3B05E-9E2D-3B33-86D8-C28CD4B3D2E9}
		{2F2F22B3-F522-346B-A313-9265CEE8A7BA} = {2F2F22B3-F522-346B-A313-9265CEE8A7BA}
		{6E5DE55C-330A-3E0D-BB3D-E20D4D5BE09C} = {6E5DE55C-330A-3E0D-BB3D-E20D4D5BE09C}
	EndProjectSection
EndProject
Project("{8BC9CEB8-8B4A-11D0-8D11-00A0C91BC942}") = "zlib", "..\..\zlib-build\zlib.vcxproj", "{6E5DE55C-330A-3E0D-BB3D-E20D4D5BE09C}"
	ProjectSection(ProjectDependencies) = postProject
		{33B3B05E-9E2D-3B33-86D8-C28CD4B3D2E9} = {33B3B05E-9E2D-3B33-86D8-C28CD4B3D2E9}
	EndProjectSection
EndProject
Global
	GlobalSection(SolutionConfigurationPlatforms) = preSolution
		Debug|x64 = Debug|x64
		Release|x64 = Release|x64
		MinSizeRel|x64 = MinSizeRel|x64
		RelWithDebInfo|x64 = RelWithDebInfo|x64
	EndGlobalSection
	GlobalSection(ProjectConfigurationPlatforms) = postSolution
		{1914F34F-074B-3C5A-AFEB-2084445AD740}.Debug|x64.ActiveCfg = Debug|x64
		{1914F34F-074B-3C5A-AFEB-2084445AD740}.Debug|x64.Build.0 = Debug|x64
		{1914F34F-074B-3C5A-AFEB-2084445AD740}.Release|x64.ActiveCfg = Release|x64
		{1914F34F-074B-3C5A-AFEB-2084445AD740}.Release|x64.Build.0 = Release|x64
		{1914F34F-074B-3C5A-AFEB-2084445AD740}.MinSizeRel|x64.ActiveCfg = MinSizeRel|x64
		{1914F34F-074B-3C5A-AFEB-2084445AD740}.MinSizeRel|x64.Build.0 = MinSizeRel|x64
		{1914F34F-074B-3C5A-AFEB-2084445AD740}.RelWithDebInfo|x64.ActiveCfg = RelWithDebInfo|x64
		{1914F34F-074B-3C5A-AFEB-2084445AD740}.RelWithDebInfo|x64.Build.0 = RelWithDebInfo|x64
		{BE392409-FE45-35D9-A138-A72E9F9342A1}.Debug|x64.ActiveCfg = Debug|x64
		{BE392409-FE45-35D9-A138-A72E9F9342A1}.Debug|x64.Build.0 = Debug|x64
		{BE392409-FE45-35D9-A138-A72E9F9342A1}.Release|x64.ActiveCfg = Release|x64
		{BE392409-FE45-35D9-A138-A72E9F9342A1}.Release|x64.Build.0 = Release|x64
		{BE392409-FE45-35D9-A138-A72E9F9342A1}.MinSizeRel|x64.ActiveCfg = MinSizeRel|x64
		{BE392409-FE45-35D9-A138-A72E9F9342A1}.MinSizeRel|x64.Build.0 = MinSizeRel|x64
		{BE392409-FE45-35D9-A138-A72E9F9342A1}.RelWithDebInfo|x64.ActiveCfg = RelWithDebInfo|x64
		{BE392409-FE45-35D9-A138-A72E9F9342A1}.RelWithDebInfo|x64.Build.0 = RelWithDebInfo|x64
		{4B328AE6-1FD5-33FD-B15C-C2F7264F62F7}.Debug|x64.ActiveCfg = Debug|x64
		{4B328AE6-1FD5-33FD-B15C-C2F7264F62F7}.Release|x64.ActiveCfg = Release|x64
		{4B328AE6-1FD5-33FD-B15C-C2F7264F62F7}.MinSizeRel|x64.ActiveCfg = MinSizeRel|x64
		{4B328AE6-1FD5-33FD-B15C-C2F7264F62F7}.RelWithDebInfo|x64.ActiveCfg = RelWithDebInfo|x64
		{33B3B05E-9E2D-3B33-86D8-C28CD4B3D2E9}.Debug|x64.ActiveCfg = Debug|x64
		{33B3B05E-9E2D-3B33-86D8-C28CD4B3D2E9}.Debug|x64.Build.0 = Debug|x64
		{33B3B05E-9E2D-3B33-86D8-C28CD4B3D2E9}.Release|x64.ActiveCfg = Release|x64
		{33B3B05E-9E2D-3B33-86D8-C28CD4B3D2E9}.Release|x64.Build.0 = Release|x64
		{33B3B05E-9E2D-3B33-86D8-C28CD4B3D2E9}.MinSizeRel|x64.ActiveCfg = MinSizeRel|x64
		{33B3B05E-9E2D-3B33-86D8-C28CD4B3D2E9}.MinSizeRel|x64.Build.0 = MinSizeRel|x64
		{33B3B05E-9E2D-3B33-86D8-C28CD4B3D2E9}.RelWithDebInfo|x64.ActiveCfg = RelWithDebInfo|x64
		{33B3B05E-9E2D-3B33-86D8-C28CD4B3D2E9}.RelWithDebInfo|x64.Build.0 = RelWithDebInfo|x64
		{2F2F22B3-F522-346B-A313-9265CEE8A7BA}.Debug|x64.ActiveCfg = Debug|x64
		{2F2F22B3-F522-346B-A313-9265CEE8A7BA}.Debug|x64.Build.0 = Debug|x64
		{2F2F22B3-F522-346B-A313-9265CEE8A7BA}.Release|x64.ActiveCfg = Release|x64
		{2F2F22B3-F522-346B-A313-9265CEE8A7BA}.Release|x64.Build.0 = Release|x64
		{2F2F22B3-F522-346B-A313-9265CEE8A7BA}.MinSizeRel|x64.ActiveCfg = MinSizeRel|x64
		{2F2F22B3-F522-346B-A313-9265CEE8A7BA}.MinSizeRel|x64.Build.0 = MinSizeRel|x64
		{2F2F22B3-F522-346B-A313-9265CEE8A7BA}.RelWithDebInfo|x64.ActiveCfg = RelWithDebInfo|x64
		{2F2F22B3-F522-346B-A313-9265CEE8A7BA}.RelWithDebInfo|x64.Build.0 = RelWithDebInfo|x64
		{E7DBDD3C-D014-348C-B7EC-1414E042549C}.Debug|x64.ActiveCfg = Debug|x64
		{E7DBDD3C-D014-348C-B7EC-1414E042549C}.Debug|x64.Build.0 = Debug|x64
		{E7DBDD3C-D014-348C-B7EC-1414E042549C}.Release|x64.ActiveCfg = Release|x64
		{E7DBDD3C-D014-348C-B7EC-1414E042549C}.Release|x64.Build.0 = Release|x64
		{E7DBDD3C-D014-348C-B7EC-1414E042549C}.MinSizeRel|x64.ActiveCfg = MinSizeRel|x64
		{E7DBDD3C-D014-348C-B7EC-1414E042549C}.MinSizeRel|x64.Build.0 = MinSizeRel|x64
		{E7DBDD3C-D014-348C-B7EC-1414E042549C}.RelWithDebInfo|x64.ActiveCfg = RelWithDebInfo|x64
		{E7DBDD3C-D014-348C-B7EC-1414E042549C}.RelWithDebInfo|x64.Build.0 = RelWithDebInfo|x64
		{D9DE09A6-1B1B-30C6-907B-9A0D9BD85002}.Debug|x64.ActiveCfg = Debug|x64
		{D9DE09A6-1B1B-30C6-907B-9A0D9BD85002}.Debug|x64.Build.0 = Debug|x64
		{D9DE09A6-1B1B-30C6-907B-9A0D9BD85002}.Release|x64.ActiveCfg = Release|x64
		{D9DE09A6-1B1B-30C6-907B-9A0D9BD85002}.Release|x64.Build.0 = Release|x64
		{D9DE09A6-1B1B-30C6-907B-9A0D9BD85002}.MinSizeRel|x64.ActiveCfg = MinSizeRel|x64
		{D9DE09A6-1B1B-30C6-907B-9A0D9BD85002}.MinSizeRel|x64.Build.0 = MinSizeRel|x64
		{D9DE09A6-1B1B-30C6-907B-9A0D9BD85002}.RelWithDebInfo|x64.ActiveCfg = RelWithDebInfo|x64
		{D9DE09A6-1B1B-30C6-907B-9A0D9BD85002}.RelWithDebInfo|x64.Build.0 = RelWithDebInfo|x64
		{6E5DE55C-330A-3E0D-BB3D-E20D4D5BE09C}.Debug|x64.ActiveCfg = Debug|x64
		{6E5DE55C-330A-3E0D-BB3D-E20D4D5BE09C}.Debug|x64.Build.0 = Debug|x64
		{6E5DE55C-330A-3E0D-BB3D-E20D4D5BE09C}.Release|x64.ActiveCfg = Release|x64
		{6E5DE55C-330A-3E0D-BB3D-E20D4D5BE09C}.Release|x64.Build.0 = Release|x64
		{6E5DE55C-330A-3E0D-BB3D-E20D4D5BE09C}.MinSizeRel|x64.ActiveCfg = MinSizeRel|x64
		{6E5DE55C-330A-3E0D-BB3D-E20D4D5BE09C}.MinSizeRel|x64.Build.0 = MinSizeRel|x64
		{6E5DE55C-330A-3E0D-BB3D-E20D4D5BE09C}.RelWithDebInfo|x64.ActiveCfg = RelWithDebInfo|x64
		{6E5DE55C-330A-3E0D-BB3D-E20D4D5BE09C}.RelWithDebInfo|x64.Build.0 = RelWithDebInfo|x64
	EndGlobalSection
	GlobalSection(NestedProjects) = preSolution
		{1914F34F-074B-3C5A-AFEB-2084445AD740} = {7CFAF2C1-5934-370D-B2DF-050AA1233233}
		{4B328AE6-1FD5-33FD-B15C-C2F7264F62F7} = {7CFAF2C1-5934-370D-B2DF-050AA1233233}
		{33B3B05E-9E2D-3B33-86D8-C28CD4B3D2E9} = {7CFAF2C1-5934-370D-B2DF-050AA1233233}
		{BE392409-FE45-35D9-A138-A72E9F9342A1} = {E5D989F0-DDB1-38F6-AAA6-9716979B52F2}
		{2F2F22B3-F522-346B-A313-9265CEE8A7BA} = {E5D989F0-DDB1-38F6-AAA6-9716979B52F2}
		{E7DBDD3C-D014-348C-B7EC-1414E042549C} = {E5D989F0-DDB1-38F6-AAA6-9716979B52F2}
		{D9DE09A6-1B1B-30C6-907B-9A0D9BD85002} = {E5D989F0-DDB1-38F6-AAA6-9716979B52F2}
		{6E5DE55C-330A-3E0D-BB3D-E20D4D5BE09C} = {E5D989F0-DDB1-38F6-AAA6-9716979B52F2}
	EndGlobalSection
	GlobalSection(ExtensibilityGlobals) = postSolution
	EndGlobalSection
	GlobalSection(ExtensibilityAddIns) = postSolution
	EndGlobalSection
EndGlobal
