Microsoft Visual Studio Solution File, Format Version 12.00
# Visual Studio 14
Project("{8BC9CEB8-8B4A-11D0-8D11-00A0C91BC942}") = "ALL_BUILD", "ALL_BUILD.vcxproj", "{C516B080-D37F-30DE-8CE6-E2EFF92DBA04}"
	ProjectSection(ProjectDependencies) = postProject
		{DE4655AD-A645-347A-9D5F-D80F2E73E84B} = {DE4655AD-A645-347A-9D5F-D80F2E73E84B}
		{B95980F2-E6AC-38ED-8EF4-209317E3523A} = {B95980F2-E6AC-38ED-8EF4-209317E3523A}
	EndProjectSection
EndProject
Project("{8BC9CEB8-8B4A-11D0-8D11-00A0C91BC942}") = "ZERO_CHECK", "ZERO_CHECK.vcxproj", "{DE4655AD-A645-347A-9D5F-D80F2E73E84B}"
	ProjectSection(ProjectDependencies) = postProject
	EndProjectSection
EndProject
Project("{8BC9CEB8-8B4A-11D0-8D11-00A0C91BC942}") = "glm-download", "glm-download.vcxproj", "{B95980F2-E6AC-38ED-8EF4-209317E3523A}"
	ProjectSection(ProjectDependencies) = postProject
		{DE4655AD-A645-347A-9D5F-D80F2E73E84B} = {DE4655AD-A645-347A-9D5F-D80F2E73E84B}
	EndProjectSection
EndProject
Global
	GlobalSection(SolutionConfigurationPlatforms) = preSolution
		Debug|x64 = Debug|x64
		Release|x64 = Release|x64
		MinSizeRel|x64 = MinSizeRel|x64
		RelWithDebInfo|x64 = RelWithDebInfo|x64
	EndGlobalSection
	GlobalSection(ProjectConfigurationPlatforms) = postSolution
		{C516B080-D37F-30DE-8CE6-E2EFF92DBA04}.Debug|x64.ActiveCfg = Debug|x64
		{C516B080-D37F-30DE-8CE6-E2EFF92DBA04}.Release|x64.ActiveCfg = Release|x64
		{C516B080-D37F-30DE-8CE6-E2EFF92DBA04}.MinSizeRel|x64.ActiveCfg = MinSizeRel|x64
		{C516B080-D37F-30DE-8CE6-E2EFF92DBA04}.RelWithDebInfo|x64.ActiveCfg = RelWithDebInfo|x64
		{DE4655AD-A645-347A-9D5F-D80F2E73E84B}.Debug|x64.ActiveCfg = Debug|x64
		{DE4655AD-A645-347A-9D5F-D80F2E73E84B}.Debug|x64.Build.0 = Debug|x64
		{DE4655AD-A645-347A-9D5F-D80F2E73E84B}.Release|x64.ActiveCfg = Release|x64
		{DE4655AD-A645-347A-9D5F-D80F2E73E84B}.Release|x64.Build.0 = Release|x64
		{DE4655AD-A645-347A-9D5F-D80F2E73E84B}.MinSizeRel|x64.ActiveCfg = MinSizeRel|x64
		{DE4655AD-A645-347A-9D5F-D80F2E73E84B}.MinSizeRel|x64.Build.0 = MinSizeRel|x64
		{DE4655AD-A645-347A-9D5F-D80F2E73E84B}.RelWithDebInfo|x64.ActiveCfg = RelWithDebInfo|x64
		{DE4655AD-A645-347A-9D5F-D80F2E73E84B}.RelWithDebInfo|x64.Build.0 = RelWithDebInfo|x64
		{B95980F2-E6AC-38ED-8EF4-209317E3523A}.Debug|x64.ActiveCfg = Debug|x64
		{B95980F2-E6AC-38ED-8EF4-209317E3523A}.Debug|x64.Build.0 = Debug|x64
		{B95980F2-E6AC-38ED-8EF4-209317E3523A}.Release|x64.ActiveCfg = Release|x64
		{B95980F2-E6AC-38ED-8EF4-209317E3523A}.Release|x64.Build.0 = Release|x64
		{B95980F2-E6AC-38ED-8EF4-209317E3523A}.MinSizeRel|x64.ActiveCfg = MinSizeRel|x64
		{B95980F2-E6AC-38ED-8EF4-209317E3523A}.MinSizeRel|x64.Build.0 = MinSizeRel|x64
		{B95980F2-E6AC-38ED-8EF4-209317E3523A}.RelWithDebInfo|x64.ActiveCfg = RelWithDebInfo|x64
		{B95980F2-E6AC-38ED-8EF4-209317E3523A}.RelWithDebInfo|x64.Build.0 = RelWithDebInfo|x64
	EndGlobalSection
	GlobalSection(ExtensibilityGlobals) = postSolution
	EndGlobalSection
	GlobalSection(ExtensibilityAddIns) = postSolution
	EndGlobalSection
EndGlobal
