Microsoft Visual Studio Solution File, Format Version 12.00
# Visual Studio 14
Project("{2150E333-8FDC-42A3-9474-1A3956D46DE8}") = "CMakePredefinedTargets", "CMakePredefinedTargets", "{7CFAF2C1-5934-370D-B2DF-050AA1233233}"
EndProject
Project("{2150E333-8FDC-42A3-9474-1A3956D46DE8}") = "DEPS", "DEPS", "{E5D989F0-DDB1-38F6-AAA6-9716979B52F2}"
EndProject
Project("{2150E333-8FDC-42A3-9474-1A3956D46DE8}") = "GLEW", "GLEW", "{E895B466-16C9-36AD-92C3-0C3AF3619F1C}"
EndProject
Project("{2150E333-8FDC-42A3-9474-1A3956D46DE8}") = "JUNK", "JUNK", "{BCFDD55A-4168-3AED-912E-37070EAC9A5B}"
EndProject
Project("{8BC9CEB8-8B4A-11D0-8D11-00A0C91BC942}") = "ALL_BUILD", "ALL_BUILD.vcxproj", "{1914F34F-074B-3C5A-AFEB-2084445AD740}"
	ProjectSection(ProjectDependencies) = postProject
		{A0AE0C68-5BBC-3D27-A3E7-93F31F148776} = {A0AE0C68-5BBC-3D27-A3E7-93F31F148776}
		{DE4E1083-A960-30FD-8957-80BECA690447} = {DE4E1083-A960-30FD-8957-80BECA690447}
		{3BF3CA8C-0B4C-32AD-941C-D5FBE124C75B} = {3BF3CA8C-0B4C-32AD-941C-D5FBE124C75B}
		{08FD79F8-2C31-3420-A835-C90690AEE25A} = {08FD79F8-2C31-3420-A835-C90690AEE25A}
		{1D75834D-F8DE-3FE7-9B6C-5585F09F4C41} = {1D75834D-F8DE-3FE7-9B6C-5585F09F4C41}
		{E31630A5-3E95-3CBE-BB06-9C8932216D74} = {E31630A5-3E95-3CBE-BB06-9C8932216D74}
		{17491E13-7294-318F-98E6-235AAE7CE33F} = {17491E13-7294-318F-98E6-235AAE7CE33F}
		{6761A950-D407-346B-B672-EBF860B88EC8} = {6761A950-D407-346B-B672-EBF860B88EC8}
		{B8E38A6B-825C-3D55-91A4-0F9668AABBD0} = {B8E38A6B-825C-3D55-91A4-0F9668AABBD0}
		{DCAA733E-D6C5-3EBF-8F0A-6BD396CD0A20} = {DCAA733E-D6C5-3EBF-8F0A-6BD396CD0A20}
		{8F382AF7-97CD-3F89-B4D0-E50FD7029413} = {8F382AF7-97CD-3F89-B4D0-E50FD7029413}
		{9E651EC5-DA10-397C-AADB-8152778AE7E8} = {9E651EC5-DA10-397C-AADB-8152778AE7E8}
		{C976CD8C-BE2D-345A-8AFF-CE66897D2EE3} = {C976CD8C-BE2D-345A-8AFF-CE66897D2EE3}
		{ED7F94A9-D83D-3E63-AB45-409DB1ABD147} = {ED7F94A9-D83D-3E63-AB45-409DB1ABD147}
		{AC3D8A51-6098-373A-9BBD-9618C02B7C36} = {AC3D8A51-6098-373A-9BBD-9618C02B7C36}
		{37FE6E47-875A-3231-8CFB-0BADDD8AF553} = {37FE6E47-875A-3231-8CFB-0BADDD8AF553}
		{5D8E5A86-4B83-3395-9B00-CE21ED9EF34A} = {5D8E5A86-4B83-3395-9B00-CE21ED9EF34A}
		{67BE3274-F279-35F1-9AFB-9E22DAB5DFFF} = {67BE3274-F279-35F1-9AFB-9E22DAB5DFFF}
		{B8A086C8-3F5C-3EF0-9067-81C8910AE782} = {B8A086C8-3F5C-3EF0-9067-81C8910AE782}
		{E56EBD48-4448-3792-AF02-E434A4375EB4} = {E56EBD48-4448-3792-AF02-E434A4375EB4}
		{6646455C-5AE1-3951-8B59-876A0D10530B} = {6646455C-5AE1-3951-8B59-876A0D10530B}
		{1FBDFC2E-6B1F-3AA4-859D-365FD6F0B483} = {1FBDFC2E-6B1F-3AA4-859D-365FD6F0B483}
		{08967F77-15EB-3B31-8F21-856E16FEFE8C} = {08967F77-15EB-3B31-8F21-856E16FEFE8C}
		{E5A14D58-B452-3E60-A21C-44782A299AC7} = {E5A14D58-B452-3E60-A21C-44782A299AC7}
		{416925B3-1FCF-33CD-A526-5B563793DF21} = {416925B3-1FCF-33CD-A526-5B563793DF21}
		{D7302849-954D-36CD-BEA0-BA2D90BA54D3} = {D7302849-954D-36CD-BEA0-BA2D90BA54D3}
		{17EBA9DB-441A-370B-8B9E-44EA1B136830} = {17EBA9DB-441A-370B-8B9E-44EA1B136830}
		{D7F88AD0-4F3B-33E6-98B3-66B835650A35} = {D7F88AD0-4F3B-33E6-98B3-66B835650A35}
		{7986BC32-BAAF-33C6-9F19-AD559ED83131} = {7986BC32-BAAF-33C6-9F19-AD559ED83131}
		{2FC52FDE-1DD8-35DF-B910-EFE8B05D92B0} = {2FC52FDE-1DD8-35DF-B910-EFE8B05D92B0}
		{4CE89D3C-26FC-3FCF-96B4-903963D99DFE} = {4CE89D3C-26FC-3FCF-96B4-903963D99DFE}
		{BE087598-85A0-3462-90CA-0E1F2717FB4A} = {BE087598-85A0-3462-90CA-0E1F2717FB4A}
		{22F788C1-146B-395D-85C4-417EF4E03820} = {22F788C1-146B-395D-85C4-417EF4E03820}
		{7F6E5796-577D-34CC-A5F6-4C71749DE89B} = {7F6E5796-577D-34CC-A5F6-4C71749DE89B}
		{57003D19-57AE-3915-ABB8-F1885F050874} = {57003D19-57AE-3915-ABB8-F1885F050874}
		{BE392409-FE45-35D9-A138-A72E9F9342A1} = {BE392409-FE45-35D9-A138-A72E9F9342A1}
		{5B121031-9B37-3674-9FFF-30640F67D549} = {5B121031-9B37-3674-9FFF-30640F67D549}
		{62296CB0-8FBD-3194-86A8-D5BA1DA278CC} = {62296CB0-8FBD-3194-86A8-D5BA1DA278CC}
		{33B3B05E-9E2D-3B33-86D8-C28CD4B3D2E9} = {33B3B05E-9E2D-3B33-86D8-C28CD4B3D2E9}
		{01435949-A8CD-3FBE-A367-F4937BC60C01} = {01435949-A8CD-3FBE-A367-F4937BC60C01}
		{C89CC5EA-D547-36C1-B12C-63FDC45C800B} = {C89CC5EA-D547-36C1-B12C-63FDC45C800B}
		{D9504BD6-7562-328E-98DD-646DC1ECD578} = {D9504BD6-7562-328E-98DD-646DC1ECD578}
		{4543503A-91D9-3BBF-8C7E-9B6238CE0FB4} = {4543503A-91D9-3BBF-8C7E-9B6238CE0FB4}
		{8EE49189-CE03-3835-B3DC-47E4CDBBAA3D} = {8EE49189-CE03-3835-B3DC-47E4CDBBAA3D}
		{E7DBDD3C-D014-348C-B7EC-1414E042549C} = {E7DBDD3C-D014-348C-B7EC-1414E042549C}
		{17D75F43-547C-35D3-8495-2E20F36F3688} = {17D75F43-547C-35D3-8495-2E20F36F3688}
		{D65248CE-41C3-3452-A016-CCF30E7A1989} = {D65248CE-41C3-3452-A016-CCF30E7A1989}
		{D9DE09A6-1B1B-30C6-907B-9A0D9BD85002} = {D9DE09A6-1B1B-30C6-907B-9A0D9BD85002}
		{D1BBA096-3B0A-31D9-888F-43DA4459D68C} = {D1BBA096-3B0A-31D9-888F-43DA4459D68C}
		{2368BCED-8F1D-3023-89B0-259A1A52207A} = {2368BCED-8F1D-3023-89B0-259A1A52207A}
		{6E5DE55C-330A-3E0D-BB3D-E20D4D5BE09C} = {6E5DE55C-330A-3E0D-BB3D-E20D4D5BE09C}
		{1B2D518F-A618-38F7-9A95-8D95F171A444} = {1B2D518F-A618-38F7-9A95-8D95F171A444}
	EndProjectSection
EndProject
Project("{8BC9CEB8-8B4A-11D0-8D11-00A0C91BC942}") = "00_TestProject", "00_TestProject.vcxproj", "{A0AE0C68-5BBC-3D27-A3E7-93F31F148776}"
	ProjectSection(ProjectDependencies) = postProject
		{BE392409-FE45-35D9-A138-A72E9F9342A1} = {BE392409-FE45-35D9-A138-A72E9F9342A1}
		{5B121031-9B37-3674-9FFF-30640F67D549} = {5B121031-9B37-3674-9FFF-30640F67D549}
		{33B3B05E-9E2D-3B33-86D8-C28CD4B3D2E9} = {33B3B05E-9E2D-3B33-86D8-C28CD4B3D2E9}
		{01435949-A8CD-3FBE-A367-F4937BC60C01} = {01435949-A8CD-3FBE-A367-F4937BC60C01}
		{C89CC5EA-D547-36C1-B12C-63FDC45C800B} = {C89CC5EA-D547-36C1-B12C-63FDC45C800B}
		{E7DBDD3C-D014-348C-B7EC-1414E042549C} = {E7DBDD3C-D014-348C-B7EC-1414E042549C}
		{17D75F43-547C-35D3-8495-2E20F36F3688} = {17D75F43-547C-35D3-8495-2E20F36F3688}
		{D9DE09A6-1B1B-30C6-907B-9A0D9BD85002} = {D9DE09A6-1B1B-30C6-907B-9A0D9BD85002}
		{6E5DE55C-330A-3E0D-BB3D-E20D4D5BE09C} = {6E5DE55C-330A-3E0D-BB3D-E20D4D5BE09C}
	EndProjectSection
EndProject
Project("{8BC9CEB8-8B4A-11D0-8D11-00A0C91BC942}") = "01_Getting_Started", "01_Getting_Started.vcxproj", "{DE4E1083-A960-30FD-8957-80BECA690447}"
	ProjectSection(ProjectDependencies) = postProject
		{BE392409-FE45-35D9-A138-A72E9F9342A1} = {BE392409-FE45-35D9-A138-A72E9F9342A1}
		{5B121031-9B37-3674-9FFF-30640F67D549} = {5B121031-9B37-3674-9FFF-30640F67D549}
		{33B3B05E-9E2D-3B33-86D8-C28CD4B3D2E9} = {33B3B05E-9E2D-3B33-86D8-C28CD4B3D2E9}
		{01435949-A8CD-3FBE-A367-F4937BC60C01} = {01435949-A8CD-3FBE-A367-F4937BC60C01}
		{C89CC5EA-D547-36C1-B12C-63FDC45C800B} = {C89CC5EA-D547-36C1-B12C-63FDC45C800B}
		{E7DBDD3C-D014-348C-B7EC-1414E042549C} = {E7DBDD3C-D014-348C-B7EC-1414E042549C}
		{17D75F43-547C-35D3-8495-2E20F36F3688} = {17D75F43-547C-35D3-8495-2E20F36F3688}
		{D9DE09A6-1B1B-30C6-907B-9A0D9BD85002} = {D9DE09A6-1B1B-30C6-907B-9A0D9BD85002}
		{6E5DE55C-330A-3E0D-BB3D-E20D4D5BE09C} = {6E5DE55C-330A-3E0D-BB3D-E20D4D5BE09C}
	EndProjectSection
EndProject
Project("{8BC9CEB8-8B4A-11D0-8D11-00A0C91BC942}") = "02_Triangle", "02_Triangle.vcxproj", "{3BF3CA8C-0B4C-32AD-941C-D5FBE124C75B}"
	ProjectSection(ProjectDependencies) = postProject
		{BE392409-FE45-35D9-A138-A72E9F9342A1} = {BE392409-FE45-35D9-A138-A72E9F9342A1}
		{5B121031-9B37-3674-9FFF-30640F67D549} = {5B121031-9B37-3674-9FFF-30640F67D549}
		{33B3B05E-9E2D-3B33-86D8-C28CD4B3D2E9} = {33B3B05E-9E2D-3B33-86D8-C28CD4B3D2E9}
		{01435949-A8CD-3FBE-A367-F4937BC60C01} = {01435949-A8CD-3FBE-A367-F4937BC60C01}
		{C89CC5EA-D547-36C1-B12C-63FDC45C800B} = {C89CC5EA-D547-36C1-B12C-63FDC45C800B}
		{E7DBDD3C-D014-348C-B7EC-1414E042549C} = {E7DBDD3C-D014-348C-B7EC-1414E042549C}
		{17D75F43-547C-35D3-8495-2E20F36F3688} = {17D75F43-547C-35D3-8495-2E20F36F3688}
		{D9DE09A6-1B1B-30C6-907B-9A0D9BD85002} = {D9DE09A6-1B1B-30C6-907B-9A0D9BD85002}
		{6E5DE55C-330A-3E0D-BB3D-E20D4D5BE09C} = {6E5DE55C-330A-3E0D-BB3D-E20D4D5BE09C}
	EndProjectSection
EndProject
Project("{8BC9CEB8-8B4A-11D0-8D11-00A0C91BC942}") = "03_Quads", "03_Quads.vcxproj", "{08FD79F8-2C31-3420-A835-C90690AEE25A}"
	ProjectSection(ProjectDependencies) = postProject
		{BE392409-FE45-35D9-A138-A72E9F9342A1} = {BE392409-FE45-35D9-A138-A72E9F9342A1}
		{5B121031-9B37-3674-9FFF-30640F67D549} = {5B121031-9B37-3674-9FFF-30640F67D549}
		{33B3B05E-9E2D-3B33-86D8-C28CD4B3D2E9} = {33B3B05E-9E2D-3B33-86D8-C28CD4B3D2E9}
		{01435949-A8CD-3FBE-A367-F4937BC60C01} = {01435949-A8CD-3FBE-A367-F4937BC60C01}
		{C89CC5EA-D547-36C1-B12C-63FDC45C800B} = {C89CC5EA-D547-36C1-B12C-63FDC45C800B}
		{E7DBDD3C-D014-348C-B7EC-1414E042549C} = {E7DBDD3C-D014-348C-B7EC-1414E042549C}
		{17D75F43-547C-35D3-8495-2E20F36F3688} = {17D75F43-547C-35D3-8495-2E20F36F3688}
		{D9DE09A6-1B1B-30C6-907B-9A0D9BD85002} = {D9DE09A6-1B1B-30C6-907B-9A0D9BD85002}
		{6E5DE55C-330A-3E0D-BB3D-E20D4D5BE09C} = {6E5DE55C-330A-3E0D-BB3D-E20D4D5BE09C}
	EndProjectSection
EndProject
Project("{8BC9CEB8-8B4A-11D0-8D11-00A0C91BC942}") = "04_Quads_with_Quads", "04_Quads_with_Quads.vcxproj", "{1D75834D-F8DE-3FE7-9B6C-5585F09F4C41}"
	ProjectSection(ProjectDependencies) = postProject
		{BE392409-FE45-35D9-A138-A72E9F9342A1} = {BE392409-FE45-35D9-A138-A72E9F9342A1}
		{5B121031-9B37-3674-9FFF-30640F67D549} = {5B121031-9B37-3674-9FFF-30640F67D549}
		{33B3B05E-9E2D-3B33-86D8-C28CD4B3D2E9} = {33B3B05E-9E2D-3B33-86D8-C28CD4B3D2E9}
		{01435949-A8CD-3FBE-A367-F4937BC60C01} = {01435949-A8CD-3FBE-A367-F4937BC60C01}
		{C89CC5EA-D547-36C1-B12C-63FDC45C800B} = {C89CC5EA-D547-36C1-B12C-63FDC45C800B}
		{E7DBDD3C-D014-348C-B7EC-1414E042549C} = {E7DBDD3C-D014-348C-B7EC-1414E042549C}
		{17D75F43-547C-35D3-8495-2E20F36F3688} = {17D75F43-547C-35D3-8495-2E20F36F3688}
		{D9DE09A6-1B1B-30C6-907B-9A0D9BD85002} = {D9DE09A6-1B1B-30C6-907B-9A0D9BD85002}
		{6E5DE55C-330A-3E0D-BB3D-E20D4D5BE09C} = {6E5DE55C-330A-3E0D-BB3D-E20D4D5BE09C}
	EndProjectSection
EndProject
Project("{8BC9CEB8-8B4A-11D0-8D11-00A0C91BC942}") = "05_Quads_with_Triangle_Strips", "05_Quads_with_Triangle_Strips.vcxproj", "{E31630A5-3E95-3CBE-BB06-9C8932216D74}"
	ProjectSection(ProjectDependencies) = postProject
		{BE392409-FE45-35D9-A138-A72E9F9342A1} = {BE392409-FE45-35D9-A138-A72E9F9342A1}
		{5B121031-9B37-3674-9FFF-30640F67D549} = {5B121031-9B37-3674-9FFF-30640F67D549}
		{33B3B05E-9E2D-3B33-86D8-C28CD4B3D2E9} = {33B3B05E-9E2D-3B33-86D8-C28CD4B3D2E9}
		{01435949-A8CD-3FBE-A367-F4937BC60C01} = {01435949-A8CD-3FBE-A367-F4937BC60C01}
		{C89CC5EA-D547-36C1-B12C-63FDC45C800B} = {C89CC5EA-D547-36C1-B12C-63FDC45C800B}
		{E7DBDD3C-D014-348C-B7EC-1414E042549C} = {E7DBDD3C-D014-348C-B7EC-1414E042549C}
		{17D75F43-547C-35D3-8495-2E20F36F3688} = {17D75F43-547C-35D3-8495-2E20F36F3688}
		{D9DE09A6-1B1B-30C6-907B-9A0D9BD85002} = {D9DE09A6-1B1B-30C6-907B-9A0D9BD85002}
		{6E5DE55C-330A-3E0D-BB3D-E20D4D5BE09C} = {6E5DE55C-330A-3E0D-BB3D-E20D4D5BE09C}
	EndProjectSection
EndProject
Project("{8BC9CEB8-8B4A-11D0-8D11-00A0C91BC942}") = "06_Quads_with_Lines", "06_Quads_with_Lines.vcxproj", "{17491E13-7294-318F-98E6-235AAE7CE33F}"
	ProjectSection(ProjectDependencies) = postProject
		{BE392409-FE45-35D9-A138-A72E9F9342A1} = {BE392409-FE45-35D9-A138-A72E9F9342A1}
		{5B121031-9B37-3674-9FFF-30640F67D549} = {5B121031-9B37-3674-9FFF-30640F67D549}
		{33B3B05E-9E2D-3B33-86D8-C28CD4B3D2E9} = {33B3B05E-9E2D-3B33-86D8-C28CD4B3D2E9}
		{01435949-A8CD-3FBE-A367-F4937BC60C01} = {01435949-A8CD-3FBE-A367-F4937BC60C01}
		{C89CC5EA-D547-36C1-B12C-63FDC45C800B} = {C89CC5EA-D547-36C1-B12C-63FDC45C800B}
		{E7DBDD3C-D014-348C-B7EC-1414E042549C} = {E7DBDD3C-D014-348C-B7EC-1414E042549C}
		{17D75F43-547C-35D3-8495-2E20F36F3688} = {17D75F43-547C-35D3-8495-2E20F36F3688}
		{D9DE09A6-1B1B-30C6-907B-9A0D9BD85002} = {D9DE09A6-1B1B-30C6-907B-9A0D9BD85002}
		{6E5DE55C-330A-3E0D-BB3D-E20D4D5BE09C} = {6E5DE55C-330A-3E0D-BB3D-E20D4D5BE09C}
	EndProjectSection
EndProject
Project("{8BC9CEB8-8B4A-11D0-8D11-00A0C91BC942}") = "07_Quads_with_Line_Strips", "07_Quads_with_Line_Strips.vcxproj", "{6761A950-D407-346B-B672-EBF860B88EC8}"
	ProjectSection(ProjectDependencies) = postProject
		{BE392409-FE45-35D9-A138-A72E9F9342A1} = {BE392409-FE45-35D9-A138-A72E9F9342A1}
		{5B121031-9B37-3674-9FFF-30640F67D549} = {5B121031-9B37-3674-9FFF-30640F67D549}
		{33B3B05E-9E2D-3B33-86D8-C28CD4B3D2E9} = {33B3B05E-9E2D-3B33-86D8-C28CD4B3D2E9}
		{01435949-A8CD-3FBE-A367-F4937BC60C01} = {01435949-A8CD-3FBE-A367-F4937BC60C01}
		{C89CC5EA-D547-36C1-B12C-63FDC45C800B} = {C89CC5EA-D547-36C1-B12C-63FDC45C800B}
		{E7DBDD3C-D014-348C-B7EC-1414E042549C} = {E7DBDD3C-D014-348C-B7EC-1414E042549C}
		{17D75F43-547C-35D3-8495-2E20F36F3688} = {17D75F43-547C-35D3-8495-2E20F36F3688}
		{D9DE09A6-1B1B-30C6-907B-9A0D9BD85002} = {D9DE09A6-1B1B-30C6-907B-9A0D9BD85002}
		{6E5DE55C-330A-3E0D-BB3D-E20D4D5BE09C} = {6E5DE55C-330A-3E0D-BB3D-E20D4D5BE09C}
	EndProjectSection
EndProject
Project("{8BC9CEB8-8B4A-11D0-8D11-00A0C91BC942}") = "08_Quads_with_Line_Loops", "08_Quads_with_Line_Loops.vcxproj", "{B8E38A6B-825C-3D55-91A4-0F9668AABBD0}"
	ProjectSection(ProjectDependencies) = postProject
		{BE392409-FE45-35D9-A138-A72E9F9342A1} = {BE392409-FE45-35D9-A138-A72E9F9342A1}
		{5B121031-9B37-3674-9FFF-30640F67D549} = {5B121031-9B37-3674-9FFF-30640F67D549}
		{33B3B05E-9E2D-3B33-86D8-C28CD4B3D2E9} = {33B3B05E-9E2D-3B33-86D8-C28CD4B3D2E9}
		{01435949-A8CD-3FBE-A367-F4937BC60C01} = {01435949-A8CD-3FBE-A367-F4937BC60C01}
		{C89CC5EA-D547-36C1-B12C-63FDC45C800B} = {C89CC5EA-D547-36C1-B12C-63FDC45C800B}
		{E7DBDD3C-D014-348C-B7EC-1414E042549C} = {E7DBDD3C-D014-348C-B7EC-1414E042549C}
		{17D75F43-547C-35D3-8495-2E20F36F3688} = {17D75F43-547C-35D3-8495-2E20F36F3688}
		{D9DE09A6-1B1B-30C6-907B-9A0D9BD85002} = {D9DE09A6-1B1B-30C6-907B-9A0D9BD85002}
		{6E5DE55C-330A-3E0D-BB3D-E20D4D5BE09C} = {6E5DE55C-330A-3E0D-BB3D-E20D4D5BE09C}
	EndProjectSection
EndProject
Project("{8BC9CEB8-8B4A-11D0-8D11-00A0C91BC942}") = "09_Quads_with_Triangle_Fans", "09_Quads_with_Triangle_Fans.vcxproj", "{DCAA733E-D6C5-3EBF-8F0A-6BD396CD0A20}"
	ProjectSection(ProjectDependencies) = postProject
		{BE392409-FE45-35D9-A138-A72E9F9342A1} = {BE392409-FE45-35D9-A138-A72E9F9342A1}
		{5B121031-9B37-3674-9FFF-30640F67D549} = {5B121031-9B37-3674-9FFF-30640F67D549}
		{33B3B05E-9E2D-3B33-86D8-C28CD4B3D2E9} = {33B3B05E-9E2D-3B33-86D8-C28CD4B3D2E9}
		{01435949-A8CD-3FBE-A367-F4937BC60C01} = {01435949-A8CD-3FBE-A367-F4937BC60C01}
		{C89CC5EA-D547-36C1-B12C-63FDC45C800B} = {C89CC5EA-D547-36C1-B12C-63FDC45C800B}
		{E7DBDD3C-D014-348C-B7EC-1414E042549C} = {E7DBDD3C-D014-348C-B7EC-1414E042549C}
		{17D75F43-547C-35D3-8495-2E20F36F3688} = {17D75F43-547C-35D3-8495-2E20F36F3688}
		{D9DE09A6-1B1B-30C6-907B-9A0D9BD85002} = {D9DE09A6-1B1B-30C6-907B-9A0D9BD85002}
		{6E5DE55C-330A-3E0D-BB3D-E20D4D5BE09C} = {6E5DE55C-330A-3E0D-BB3D-E20D4D5BE09C}
	EndProjectSection
EndProject
Project("{8BC9CEB8-8B4A-11D0-8D11-00A0C91BC942}") = "0_introduction", "0_introduction.vcxproj", "{8F382AF7-97CD-3F89-B4D0-E50FD7029413}"
	ProjectSection(ProjectDependencies) = postProject
		{BE392409-FE45-35D9-A138-A72E9F9342A1} = {BE392409-FE45-35D9-A138-A72E9F9342A1}
		{5B121031-9B37-3674-9FFF-30640F67D549} = {5B121031-9B37-3674-9FFF-30640F67D549}
		{33B3B05E-9E2D-3B33-86D8-C28CD4B3D2E9} = {33B3B05E-9E2D-3B33-86D8-C28CD4B3D2E9}
		{01435949-A8CD-3FBE-A367-F4937BC60C01} = {01435949-A8CD-3FBE-A367-F4937BC60C01}
		{C89CC5EA-D547-36C1-B12C-63FDC45C800B} = {C89CC5EA-D547-36C1-B12C-63FDC45C800B}
		{E7DBDD3C-D014-348C-B7EC-1414E042549C} = {E7DBDD3C-D014-348C-B7EC-1414E042549C}
		{17D75F43-547C-35D3-8495-2E20F36F3688} = {17D75F43-547C-35D3-8495-2E20F36F3688}
		{D9DE09A6-1B1B-30C6-907B-9A0D9BD85002} = {D9DE09A6-1B1B-30C6-907B-9A0D9BD85002}
		{6E5DE55C-330A-3E0D-BB3D-E20D4D5BE09C} = {6E5DE55C-330A-3E0D-BB3D-E20D4D5BE09C}
	EndProjectSection
EndProject
Project("{8BC9CEB8-8B4A-11D0-8D11-00A0C91BC942}") = "12_GLM", "12_GLM.vcxproj", "{9E651EC5-DA10-397C-AADB-8152778AE7E8}"
	ProjectSection(ProjectDependencies) = postProject
		{BE392409-FE45-35D9-A138-A72E9F9342A1} = {BE392409-FE45-35D9-A138-A72E9F9342A1}
		{5B121031-9B37-3674-9FFF-30640F67D549} = {5B121031-9B37-3674-9FFF-30640F67D549}
		{33B3B05E-9E2D-3B33-86D8-C28CD4B3D2E9} = {33B3B05E-9E2D-3B33-86D8-C28CD4B3D2E9}
		{01435949-A8CD-3FBE-A367-F4937BC60C01} = {01435949-A8CD-3FBE-A367-F4937BC60C01}
		{C89CC5EA-D547-36C1-B12C-63FDC45C800B} = {C89CC5EA-D547-36C1-B12C-63FDC45C800B}
		{E7DBDD3C-D014-348C-B7EC-1414E042549C} = {E7DBDD3C-D014-348C-B7EC-1414E042549C}
		{17D75F43-547C-35D3-8495-2E20F36F3688} = {17D75F43-547C-35D3-8495-2E20F36F3688}
		{D9DE09A6-1B1B-30C6-907B-9A0D9BD85002} = {D9DE09A6-1B1B-30C6-907B-9A0D9BD85002}
		{6E5DE55C-330A-3E0D-BB3D-E20D4D5BE09C} = {6E5DE55C-330A-3E0D-BB3D-E20D4D5BE09C}
	EndProjectSection
EndProject
Project("{8BC9CEB8-8B4A-11D0-8D11-00A0C91BC942}") = "13_Rotating_Triangle", "13_Rotating_Triangle.vcxproj", "{C976CD8C-BE2D-345A-8AFF-CE66897D2EE3}"
	ProjectSection(ProjectDependencies) = postProject
		{BE392409-FE45-35D9-A138-A72E9F9342A1} = {BE392409-FE45-35D9-A138-A72E9F9342A1}
		{5B121031-9B37-3674-9FFF-30640F67D549} = {5B121031-9B37-3674-9FFF-30640F67D549}
		{33B3B05E-9E2D-3B33-86D8-C28CD4B3D2E9} = {33B3B05E-9E2D-3B33-86D8-C28CD4B3D2E9}
		{01435949-A8CD-3FBE-A367-F4937BC60C01} = {01435949-A8CD-3FBE-A367-F4937BC60C01}
		{C89CC5EA-D547-36C1-B12C-63FDC45C800B} = {C89CC5EA-D547-36C1-B12C-63FDC45C800B}
		{E7DBDD3C-D014-348C-B7EC-1414E042549C} = {E7DBDD3C-D014-348C-B7EC-1414E042549C}
		{17D75F43-547C-35D3-8495-2E20F36F3688} = {17D75F43-547C-35D3-8495-2E20F36F3688}
		{D9DE09A6-1B1B-30C6-907B-9A0D9BD85002} = {D9DE09A6-1B1B-30C6-907B-9A0D9BD85002}
		{6E5DE55C-330A-3E0D-BB3D-E20D4D5BE09C} = {6E5DE55C-330A-3E0D-BB3D-E20D4D5BE09C}
	EndProjectSection
EndProject
Project("{8BC9CEB8-8B4A-11D0-8D11-00A0C91BC942}") = "14_Scaling_Triangle", "14_Scaling_Triangle.vcxproj", "{ED7F94A9-D83D-3E63-AB45-409DB1ABD147}"
	ProjectSection(ProjectDependencies) = postProject
		{BE392409-FE45-35D9-A138-A72E9F9342A1} = {BE392409-FE45-35D9-A138-A72E9F9342A1}
		{5B121031-9B37-3674-9FFF-30640F67D549} = {5B121031-9B37-3674-9FFF-30640F67D549}
		{33B3B05E-9E2D-3B33-86D8-C28CD4B3D2E9} = {33B3B05E-9E2D-3B33-86D8-C28CD4B3D2E9}
		{01435949-A8CD-3FBE-A367-F4937BC60C01} = {01435949-A8CD-3FBE-A367-F4937BC60C01}
		{C89CC5EA-D547-36C1-B12C-63FDC45C800B} = {C89CC5EA-D547-36C1-B12C-63FDC45C800B}
		{E7DBDD3C-D014-348C-B7EC-1414E042549C} = {E7DBDD3C-D014-348C-B7EC-1414E042549C}
		{17D75F43-547C-35D3-8495-2E20F36F3688} = {17D75F43-547C-35D3-8495-2E20F36F3688}
		{D9DE09A6-1B1B-30C6-907B-9A0D9BD85002} = {D9DE09A6-1B1B-30C6-907B-9A0D9BD85002}
		{6E5DE55C-330A-3E0D-BB3D-E20D4D5BE09C} = {6E5DE55C-330A-3E0D-BB3D-E20D4D5BE09C}
	EndProjectSection
EndProject
Project("{8BC9CEB8-8B4A-11D0-8D11-00A0C91BC942}") = "15_Scale_and_Rotate", "15_Scale_and_Rotate.vcxproj", "{AC3D8A51-6098-373A-9BBD-9618C02B7C36}"
	ProjectSection(ProjectDependencies) = postProject
		{BE392409-FE45-35D9-A138-A72E9F9342A1} = {BE392409-FE45-35D9-A138-A72E9F9342A1}
		{5B121031-9B37-3674-9FFF-30640F67D549} = {5B121031-9B37-3674-9FFF-30640F67D549}
		{33B3B05E-9E2D-3B33-86D8-C28CD4B3D2E9} = {33B3B05E-9E2D-3B33-86D8-C28CD4B3D2E9}
		{01435949-A8CD-3FBE-A367-F4937BC60C01} = {01435949-A8CD-3FBE-A367-F4937BC60C01}
		{C89CC5EA-D547-36C1-B12C-63FDC45C800B} = {C89CC5EA-D547-36C1-B12C-63FDC45C800B}
		{E7DBDD3C-D014-348C-B7EC-1414E042549C} = {E7DBDD3C-D014-348C-B7EC-1414E042549C}
		{17D75F43-547C-35D3-8495-2E20F36F3688} = {17D75F43-547C-35D3-8495-2E20F36F3688}
		{D9DE09A6-1B1B-30C6-907B-9A0D9BD85002} = {D9DE09A6-1B1B-30C6-907B-9A0D9BD85002}
		{6E5DE55C-330A-3E0D-BB3D-E20D4D5BE09C} = {6E5DE55C-330A-3E0D-BB3D-E20D4D5BE09C}
	EndProjectSection
EndProject
Project("{8BC9CEB8-8B4A-11D0-8D11-00A0C91BC942}") = "16_Moving_Quad", "16_Moving_Quad.vcxproj", "{37FE6E47-875A-3231-8CFB-0BADDD8AF553}"
	ProjectSection(ProjectDependencies) = postProject
		{BE392409-FE45-35D9-A138-A72E9F9342A1} = {BE392409-FE45-35D9-A138-A72E9F9342A1}
		{5B121031-9B37-3674-9FFF-30640F67D549} = {5B121031-9B37-3674-9FFF-30640F67D549}
		{33B3B05E-9E2D-3B33-86D8-C28CD4B3D2E9} = {33B3B05E-9E2D-3B33-86D8-C28CD4B3D2E9}
		{01435949-A8CD-3FBE-A367-F4937BC60C01} = {01435949-A8CD-3FBE-A367-F4937BC60C01}
		{C89CC5EA-D547-36C1-B12C-63FDC45C800B} = {C89CC5EA-D547-36C1-B12C-63FDC45C800B}
		{E7DBDD3C-D014-348C-B7EC-1414E042549C} = {E7DBDD3C-D014-348C-B7EC-1414E042549C}
		{17D75F43-547C-35D3-8495-2E20F36F3688} = {17D75F43-547C-35D3-8495-2E20F36F3688}
		{D9DE09A6-1B1B-30C6-907B-9A0D9BD85002} = {D9DE09A6-1B1B-30C6-907B-9A0D9BD85002}
		{6E5DE55C-330A-3E0D-BB3D-E20D4D5BE09C} = {6E5DE55C-330A-3E0D-BB3D-E20D4D5BE09C}
	EndProjectSection
EndProject
Project("{8BC9CEB8-8B4A-11D0-8D11-00A0C91BC942}") = "17_Full_Transformation", "17_Full_Transformation.vcxproj", "{5D8E5A86-4B83-3395-9B00-CE21ED9EF34A}"
	ProjectSection(ProjectDependencies) = postProject
		{BE392409-FE45-35D9-A138-A72E9F9342A1} = {BE392409-FE45-35D9-A138-A72E9F9342A1}
		{5B121031-9B37-3674-9FFF-30640F67D549} = {5B121031-9B37-3674-9FFF-30640F67D549}
		{33B3B05E-9E2D-3B33-86D8-C28CD4B3D2E9} = {33B3B05E-9E2D-3B33-86D8-C28CD4B3D2E9}
		{01435949-A8CD-3FBE-A367-F4937BC60C01} = {01435949-A8CD-3FBE-A367-F4937BC60C01}
		{C89CC5EA-D547-36C1-B12C-63FDC45C800B} = {C89CC5EA-D547-36C1-B12C-63FDC45C800B}
		{E7DBDD3C-D014-348C-B7EC-1414E042549C} = {E7DBDD3C-D014-348C-B7EC-1414E042549C}
		{17D75F43-547C-35D3-8495-2E20F36F3688} = {17D75F43-547C-35D3-8495-2E20F36F3688}
		{D9DE09A6-1B1B-30C6-907B-9A0D9BD85002} = {D9DE09A6-1B1B-30C6-907B-9A0D9BD85002}
		{6E5DE55C-330A-3E0D-BB3D-E20D4D5BE09C} = {6E5DE55C-330A-3E0D-BB3D-E20D4D5BE09C}
	EndProjectSection
EndProject
Project("{8BC9CEB8-8B4A-11D0-8D11-00A0C91BC942}") = "18_Point_Based_Sierpinski", "18_Point_Based_Sierpinski.vcxproj", "{67BE3274-F279-35F1-9AFB-9E22DAB5DFFF}"
	ProjectSection(ProjectDependencies) = postProject
		{BE392409-FE45-35D9-A138-A72E9F9342A1} = {BE392409-FE45-35D9-A138-A72E9F9342A1}
		{5B121031-9B37-3674-9FFF-30640F67D549} = {5B121031-9B37-3674-9FFF-30640F67D549}
		{33B3B05E-9E2D-3B33-86D8-C28CD4B3D2E9} = {33B3B05E-9E2D-3B33-86D8-C28CD4B3D2E9}
		{01435949-A8CD-3FBE-A367-F4937BC60C01} = {01435949-A8CD-3FBE-A367-F4937BC60C01}
		{C89CC5EA-D547-36C1-B12C-63FDC45C800B} = {C89CC5EA-D547-36C1-B12C-63FDC45C800B}
		{E7DBDD3C-D014-348C-B7EC-1414E042549C} = {E7DBDD3C-D014-348C-B7EC-1414E042549C}
		{17D75F43-547C-35D3-8495-2E20F36F3688} = {17D75F43-547C-35D3-8495-2E20F36F3688}
		{D9DE09A6-1B1B-30C6-907B-9A0D9BD85002} = {D9DE09A6-1B1B-30C6-907B-9A0D9BD85002}
		{6E5DE55C-330A-3E0D-BB3D-E20D4D5BE09C} = {6E5DE55C-330A-3E0D-BB3D-E20D4D5BE09C}
	EndProjectSection
EndProject
Project("{8BC9CEB8-8B4A-11D0-8D11-00A0C91BC942}") = "19_Cube", "19_Cube.vcxproj", "{B8A086C8-3F5C-3EF0-9067-81C8910AE782}"
	ProjectSection(ProjectDependencies) = postProject
		{BE392409-FE45-35D9-A138-A72E9F9342A1} = {BE392409-FE45-35D9-A138-A72E9F9342A1}
		{5B121031-9B37-3674-9FFF-30640F67D549} = {5B121031-9B37-3674-9FFF-30640F67D549}
		{33B3B05E-9E2D-3B33-86D8-C28CD4B3D2E9} = {33B3B05E-9E2D-3B33-86D8-C28CD4B3D2E9}
		{01435949-A8CD-3FBE-A367-F4937BC60C01} = {01435949-A8CD-3FBE-A367-F4937BC60C01}
		{C89CC5EA-D547-36C1-B12C-63FDC45C800B} = {C89CC5EA-D547-36C1-B12C-63FDC45C800B}
		{E7DBDD3C-D014-348C-B7EC-1414E042549C} = {E7DBDD3C-D014-348C-B7EC-1414E042549C}
		{17D75F43-547C-35D3-8495-2E20F36F3688} = {17D75F43-547C-35D3-8495-2E20F36F3688}
		{D9DE09A6-1B1B-30C6-907B-9A0D9BD85002} = {D9DE09A6-1B1B-30C6-907B-9A0D9BD85002}
		{6E5DE55C-330A-3E0D-BB3D-E20D4D5BE09C} = {6E5DE55C-330A-3E0D-BB3D-E20D4D5BE09C}
	EndProjectSection
EndProject
Project("{8BC9CEB8-8B4A-11D0-8D11-00A0C91BC942}") = "20_Transformed_Cube", "20_Transformed_Cube.vcxproj", "{E56EBD48-4448-3792-AF02-E434A4375EB4}"
	ProjectSection(ProjectDependencies) = postProject
		{BE392409-FE45-35D9-A138-A72E9F9342A1} = {BE392409-FE45-35D9-A138-A72E9F9342A1}
		{5B121031-9B37-3674-9FFF-30640F67D549} = {5B121031-9B37-3674-9FFF-30640F67D549}
		{33B3B05E-9E2D-3B33-86D8-C28CD4B3D2E9} = {33B3B05E-9E2D-3B33-86D8-C28CD4B3D2E9}
		{01435949-A8CD-3FBE-A367-F4937BC60C01} = {01435949-A8CD-3FBE-A367-F4937BC60C01}
		{C89CC5EA-D547-36C1-B12C-63FDC45C800B} = {C89CC5EA-D547-36C1-B12C-63FDC45C800B}
		{E7DBDD3C-D014-348C-B7EC-1414E042549C} = {E7DBDD3C-D014-348C-B7EC-1414E042549C}
		{17D75F43-547C-35D3-8495-2E20F36F3688} = {17D75F43-547C-35D3-8495-2E20F36F3688}
		{D9DE09A6-1B1B-30C6-907B-9A0D9BD85002} = {D9DE09A6-1B1B-30C6-907B-9A0D9BD85002}
		{6E5DE55C-330A-3E0D-BB3D-E20D4D5BE09C} = {6E5DE55C-330A-3E0D-BB3D-E20D4D5BE09C}
	EndProjectSection
EndProject
Project("{8BC9CEB8-8B4A-11D0-8D11-00A0C91BC942}") = "22_Indexed_Cube", "22_Indexed_Cube.vcxproj", "{6646455C-5AE1-3951-8B59-876A0D10530B}"
	ProjectSection(ProjectDependencies) = postProject
		{BE392409-FE45-35D9-A138-A72E9F9342A1} = {BE392409-FE45-35D9-A138-A72E9F9342A1}
		{5B121031-9B37-3674-9FFF-30640F67D549} = {5B121031-9B37-3674-9FFF-30640F67D549}
		{33B3B05E-9E2D-3B33-86D8-C28CD4B3D2E9} = {33B3B05E-9E2D-3B33-86D8-C28CD4B3D2E9}
		{01435949-A8CD-3FBE-A367-F4937BC60C01} = {01435949-A8CD-3FBE-A367-F4937BC60C01}
		{C89CC5EA-D547-36C1-B12C-63FDC45C800B} = {C89CC5EA-D547-36C1-B12C-63FDC45C800B}
		{E7DBDD3C-D014-348C-B7EC-1414E042549C} = {E7DBDD3C-D014-348C-B7EC-1414E042549C}
		{17D75F43-547C-35D3-8495-2E20F36F3688} = {17D75F43-547C-35D3-8495-2E20F36F3688}
		{D9DE09A6-1B1B-30C6-907B-9A0D9BD85002} = {D9DE09A6-1B1B-30C6-907B-9A0D9BD85002}
		{6E5DE55C-330A-3E0D-BB3D-E20D4D5BE09C} = {6E5DE55C-330A-3E0D-BB3D-E20D4D5BE09C}
	EndProjectSection
EndProject
Project("{8BC9CEB8-8B4A-11D0-8D11-00A0C91BC942}") = "23_Sierpinski_Gasket", "23_Sierpinski_Gasket.vcxproj", "{1FBDFC2E-6B1F-3AA4-859D-365FD6F0B483}"
	ProjectSection(ProjectDependencies) = postProject
		{BE392409-FE45-35D9-A138-A72E9F9342A1} = {BE392409-FE45-35D9-A138-A72E9F9342A1}
		{5B121031-9B37-3674-9FFF-30640F67D549} = {5B121031-9B37-3674-9FFF-30640F67D549}
		{33B3B05E-9E2D-3B33-86D8-C28CD4B3D2E9} = {33B3B05E-9E2D-3B33-86D8-C28CD4B3D2E9}
		{01435949-A8CD-3FBE-A367-F4937BC60C01} = {01435949-A8CD-3FBE-A367-F4937BC60C01}
		{C89CC5EA-D547-36C1-B12C-63FDC45C800B} = {C89CC5EA-D547-36C1-B12C-63FDC45C800B}
		{E7DBDD3C-D014-348C-B7EC-1414E042549C} = {E7DBDD3C-D014-348C-B7EC-1414E042549C}
		{17D75F43-547C-35D3-8495-2E20F36F3688} = {17D75F43-547C-35D3-8495-2E20F36F3688}
		{D9DE09A6-1B1B-30C6-907B-9A0D9BD85002} = {D9DE09A6-1B1B-30C6-907B-9A0D9BD85002}
		{6E5DE55C-330A-3E0D-BB3D-E20D4D5BE09C} = {6E5DE55C-330A-3E0D-BB3D-E20D4D5BE09C}
	EndProjectSection
EndProject
Project("{8BC9CEB8-8B4A-11D0-8D11-00A0C91BC942}") = "24_Sphere_Subdivision", "24_Sphere_Subdivision.vcxproj", "{08967F77-15EB-3B31-8F21-856E16FEFE8C}"
	ProjectSection(ProjectDependencies) = postProject
		{BE392409-FE45-35D9-A138-A72E9F9342A1} = {BE392409-FE45-35D9-A138-A72E9F9342A1}
		{5B121031-9B37-3674-9FFF-30640F67D549} = {5B121031-9B37-3674-9FFF-30640F67D549}
		{33B3B05E-9E2D-3B33-86D8-C28CD4B3D2E9} = {33B3B05E-9E2D-3B33-86D8-C28CD4B3D2E9}
		{01435949-A8CD-3FBE-A367-F4937BC60C01} = {01435949-A8CD-3FBE-A367-F4937BC60C01}
		{C89CC5EA-D547-36C1-B12C-63FDC45C800B} = {C89CC5EA-D547-36C1-B12C-63FDC45C800B}
		{E7DBDD3C-D014-348C-B7EC-1414E042549C} = {E7DBDD3C-D014-348C-B7EC-1414E042549C}
		{17D75F43-547C-35D3-8495-2E20F36F3688} = {17D75F43-547C-35D3-8495-2E20F36F3688}
		{D9DE09A6-1B1B-30C6-907B-9A0D9BD85002} = {D9DE09A6-1B1B-30C6-907B-9A0D9BD85002}
		{6E5DE55C-330A-3E0D-BB3D-E20D4D5BE09C} = {6E5DE55C-330A-3E0D-BB3D-E20D4D5BE09C}
	EndProjectSection
EndProject
Project("{8BC9CEB8-8B4A-11D0-8D11-00A0C91BC942}") = "25_Meshes", "25_Meshes.vcxproj", "{E5A14D58-B452-3E60-A21C-44782A299AC7}"
	ProjectSection(ProjectDependencies) = postProject
		{BE392409-FE45-35D9-A138-A72E9F9342A1} = {BE392409-FE45-35D9-A138-A72E9F9342A1}
		{5B121031-9B37-3674-9FFF-30640F67D549} = {5B121031-9B37-3674-9FFF-30640F67D549}
		{33B3B05E-9E2D-3B33-86D8-C28CD4B3D2E9} = {33B3B05E-9E2D-3B33-86D8-C28CD4B3D2E9}
		{01435949-A8CD-3FBE-A367-F4937BC60C01} = {01435949-A8CD-3FBE-A367-F4937BC60C01}
		{C89CC5EA-D547-36C1-B12C-63FDC45C800B} = {C89CC5EA-D547-36C1-B12C-63FDC45C800B}
		{E7DBDD3C-D014-348C-B7EC-1414E042549C} = {E7DBDD3C-D014-348C-B7EC-1414E042549C}
		{17D75F43-547C-35D3-8495-2E20F36F3688} = {17D75F43-547C-35D3-8495-2E20F36F3688}
		{D9DE09A6-1B1B-30C6-907B-9A0D9BD85002} = {D9DE09A6-1B1B-30C6-907B-9A0D9BD85002}
		{6E5DE55C-330A-3E0D-BB3D-E20D4D5BE09C} = {6E5DE55C-330A-3E0D-BB3D-E20D4D5BE09C}
	EndProjectSection
EndProject
Project("{8BC9CEB8-8B4A-11D0-8D11-00A0C91BC942}") = "27_Transforming_Meshes", "27_Transforming_Meshes.vcxproj", "{416925B3-1FCF-33CD-A526-5B563793DF21}"
	ProjectSection(ProjectDependencies) = postProject
		{BE392409-FE45-35D9-A138-A72E9F9342A1} = {BE392409-FE45-35D9-A138-A72E9F9342A1}
		{5B121031-9B37-3674-9FFF-30640F67D549} = {5B121031-9B37-3674-9FFF-30640F67D549}
		{33B3B05E-9E2D-3B33-86D8-C28CD4B3D2E9} = {33B3B05E-9E2D-3B33-86D8-C28CD4B3D2E9}
		{01435949-A8CD-3FBE-A367-F4937BC60C01} = {01435949-A8CD-3FBE-A367-F4937BC60C01}
		{C89CC5EA-D547-36C1-B12C-63FDC45C800B} = {C89CC5EA-D547-36C1-B12C-63FDC45C800B}
		{E7DBDD3C-D014-348C-B7EC-1414E042549C} = {E7DBDD3C-D014-348C-B7EC-1414E042549C}
		{17D75F43-547C-35D3-8495-2E20F36F3688} = {17D75F43-547C-35D3-8495-2E20F36F3688}
		{D9DE09A6-1B1B-30C6-907B-9A0D9BD85002} = {D9DE09A6-1B1B-30C6-907B-9A0D9BD85002}
		{6E5DE55C-330A-3E0D-BB3D-E20D4D5BE09C} = {6E5DE55C-330A-3E0D-BB3D-E20D4D5BE09C}
	EndProjectSection
EndProject
Project("{8BC9CEB8-8B4A-11D0-8D11-00A0C91BC942}") = "29_Shaders", "29_Shaders.vcxproj", "{D7302849-954D-36CD-BEA0-BA2D90BA54D3}"
	ProjectSection(ProjectDependencies) = postProject
		{BE392409-FE45-35D9-A138-A72E9F9342A1} = {BE392409-FE45-35D9-A138-A72E9F9342A1}
		{5B121031-9B37-3674-9FFF-30640F67D549} = {5B121031-9B37-3674-9FFF-30640F67D549}
		{33B3B05E-9E2D-3B33-86D8-C28CD4B3D2E9} = {33B3B05E-9E2D-3B33-86D8-C28CD4B3D2E9}
		{01435949-A8CD-3FBE-A367-F4937BC60C01} = {01435949-A8CD-3FBE-A367-F4937BC60C01}
		{C89CC5EA-D547-36C1-B12C-63FDC45C800B} = {C89CC5EA-D547-36C1-B12C-63FDC45C800B}
		{E7DBDD3C-D014-348C-B7EC-1414E042549C} = {E7DBDD3C-D014-348C-B7EC-1414E042549C}
		{17D75F43-547C-35D3-8495-2E20F36F3688} = {17D75F43-547C-35D3-8495-2E20F36F3688}
		{D9DE09A6-1B1B-30C6-907B-9A0D9BD85002} = {D9DE09A6-1B1B-30C6-907B-9A0D9BD85002}
		{6E5DE55C-330A-3E0D-BB3D-E20D4D5BE09C} = {6E5DE55C-330A-3E0D-BB3D-E20D4D5BE09C}
	EndProjectSection
EndProject
Project("{8BC9CEB8-8B4A-11D0-8D11-00A0C91BC942}") = "31_Texturing_Shader", "31_Texturing_Shader.vcxproj", "{17EBA9DB-441A-370B-8B9E-44EA1B136830}"
	ProjectSection(ProjectDependencies) = postProject
		{BE392409-FE45-35D9-A138-A72E9F9342A1} = {BE392409-FE45-35D9-A138-A72E9F9342A1}
		{5B121031-9B37-3674-9FFF-30640F67D549} = {5B121031-9B37-3674-9FFF-30640F67D549}
		{33B3B05E-9E2D-3B33-86D8-C28CD4B3D2E9} = {33B3B05E-9E2D-3B33-86D8-C28CD4B3D2E9}
		{01435949-A8CD-3FBE-A367-F4937BC60C01} = {01435949-A8CD-3FBE-A367-F4937BC60C01}
		{C89CC5EA-D547-36C1-B12C-63FDC45C800B} = {C89CC5EA-D547-36C1-B12C-63FDC45C800B}
		{E7DBDD3C-D014-348C-B7EC-1414E042549C} = {E7DBDD3C-D014-348C-B7EC-1414E042549C}
		{17D75F43-547C-35D3-8495-2E20F36F3688} = {17D75F43-547C-35D3-8495-2E20F36F3688}
		{D9DE09A6-1B1B-30C6-907B-9A0D9BD85002} = {D9DE09A6-1B1B-30C6-907B-9A0D9BD85002}
		{6E5DE55C-330A-3E0D-BB3D-E20D4D5BE09C} = {6E5DE55C-330A-3E0D-BB3D-E20D4D5BE09C}
	EndProjectSection
EndProject
Project("{8BC9CEB8-8B4A-11D0-8D11-00A0C91BC942}") = "32_Repeat_Textures", "32_Repeat_Textures.vcxproj", "{D7F88AD0-4F3B-33E6-98B3-66B835650A35}"
	ProjectSection(ProjectDependencies) = postProject
		{BE392409-FE45-35D9-A138-A72E9F9342A1} = {BE392409-FE45-35D9-A138-A72E9F9342A1}
		{5B121031-9B37-3674-9FFF-30640F67D549} = {5B121031-9B37-3674-9FFF-30640F67D549}
		{33B3B05E-9E2D-3B33-86D8-C28CD4B3D2E9} = {33B3B05E-9E2D-3B33-86D8-C28CD4B3D2E9}
		{01435949-A8CD-3FBE-A367-F4937BC60C01} = {01435949-A8CD-3FBE-A367-F4937BC60C01}
		{C89CC5EA-D547-36C1-B12C-63FDC45C800B} = {C89CC5EA-D547-36C1-B12C-63FDC45C800B}
		{E7DBDD3C-D014-348C-B7EC-1414E042549C} = {E7DBDD3C-D014-348C-B7EC-1414E042549C}
		{17D75F43-547C-35D3-8495-2E20F36F3688} = {17D75F43-547C-35D3-8495-2E20F36F3688}
		{D9DE09A6-1B1B-30C6-907B-9A0D9BD85002} = {D9DE09A6-1B1B-30C6-907B-9A0D9BD85002}
		{6E5DE55C-330A-3E0D-BB3D-E20D4D5BE09C} = {6E5DE55C-330A-3E0D-BB3D-E20D4D5BE09C}
	EndProjectSection
EndProject
Project("{8BC9CEB8-8B4A-11D0-8D11-00A0C91BC942}") = "33_Anisotropic", "33_Anisotropic.vcxproj", "{7986BC32-BAAF-33C6-9F19-AD559ED83131}"
	ProjectSection(ProjectDependencies) = postProject
		{BE392409-FE45-35D9-A138-A72E9F9342A1} = {BE392409-FE45-35D9-A138-A72E9F9342A1}
		{5B121031-9B37-3674-9FFF-30640F67D549} = {5B121031-9B37-3674-9FFF-30640F67D549}
		{33B3B05E-9E2D-3B33-86D8-C28CD4B3D2E9} = {33B3B05E-9E2D-3B33-86D8-C28CD4B3D2E9}
		{01435949-A8CD-3FBE-A367-F4937BC60C01} = {01435949-A8CD-3FBE-A367-F4937BC60C01}
		{C89CC5EA-D547-36C1-B12C-63FDC45C800B} = {C89CC5EA-D547-36C1-B12C-63FDC45C800B}
		{E7DBDD3C-D014-348C-B7EC-1414E042549C} = {E7DBDD3C-D014-348C-B7EC-1414E042549C}
		{17D75F43-547C-35D3-8495-2E20F36F3688} = {17D75F43-547C-35D3-8495-2E20F36F3688}
		{D9DE09A6-1B1B-30C6-907B-9A0D9BD85002} = {D9DE09A6-1B1B-30C6-907B-9A0D9BD85002}
		{6E5DE55C-330A-3E0D-BB3D-E20D4D5BE09C} = {6E5DE55C-330A-3E0D-BB3D-E20D4D5BE09C}
	EndProjectSection
EndProject
Project("{8BC9CEB8-8B4A-11D0-8D11-00A0C91BC942}") = "33_Mipmaps", "33_Mipmaps.vcxproj", "{2FC52FDE-1DD8-35DF-B910-EFE8B05D92B0}"
	ProjectSection(ProjectDependencies) = postProject
		{BE392409-FE45-35D9-A138-A72E9F9342A1} = {BE392409-FE45-35D9-A138-A72E9F9342A1}
		{5B121031-9B37-3674-9FFF-30640F67D549} = {5B121031-9B37-3674-9FFF-30640F67D549}
		{33B3B05E-9E2D-3B33-86D8-C28CD4B3D2E9} = {33B3B05E-9E2D-3B33-86D8-C28CD4B3D2E9}
		{01435949-A8CD-3FBE-A367-F4937BC60C01} = {01435949-A8CD-3FBE-A367-F4937BC60C01}
		{C89CC5EA-D547-36C1-B12C-63FDC45C800B} = {C89CC5EA-D547-36C1-B12C-63FDC45C800B}
		{E7DBDD3C-D014-348C-B7EC-1414E042549C} = {E7DBDD3C-D014-348C-B7EC-1414E042549C}
		{17D75F43-547C-35D3-8495-2E20F36F3688} = {17D75F43-547C-35D3-8495-2E20F36F3688}
		{D9DE09A6-1B1B-30C6-907B-9A0D9BD85002} = {D9DE09A6-1B1B-30C6-907B-9A0D9BD85002}
		{6E5DE55C-330A-3E0D-BB3D-E20D4D5BE09C} = {6E5DE55C-330A-3E0D-BB3D-E20D4D5BE09C}
	EndProjectSection
EndProject
Project("{8BC9CEB8-8B4A-11D0-8D11-00A0C91BC942}") = "34_Anisotropic", "34_Anisotropic.vcxproj", "{4CE89D3C-26FC-3FCF-96B4-903963D99DFE}"
	ProjectSection(ProjectDependencies) = postProject
		{BE392409-FE45-35D9-A138-A72E9F9342A1} = {BE392409-FE45-35D9-A138-A72E9F9342A1}
		{5B121031-9B37-3674-9FFF-30640F67D549} = {5B121031-9B37-3674-9FFF-30640F67D549}
		{33B3B05E-9E2D-3B33-86D8-C28CD4B3D2E9} = {33B3B05E-9E2D-3B33-86D8-C28CD4B3D2E9}
		{01435949-A8CD-3FBE-A367-F4937BC60C01} = {01435949-A8CD-3FBE-A367-F4937BC60C01}
		{C89CC5EA-D547-36C1-B12C-63FDC45C800B} = {C89CC5EA-D547-36C1-B12C-63FDC45C800B}
		{E7DBDD3C-D014-348C-B7EC-1414E042549C} = {E7DBDD3C-D014-348C-B7EC-1414E042549C}
		{17D75F43-547C-35D3-8495-2E20F36F3688} = {17D75F43-547C-35D3-8495-2E20F36F3688}
		{D9DE09A6-1B1B-30C6-907B-9A0D9BD85002} = {D9DE09A6-1B1B-30C6-907B-9A0D9BD85002}
		{6E5DE55C-330A-3E0D-BB3D-E20D4D5BE09C} = {6E5DE55C-330A-3E0D-BB3D-E20D4D5BE09C}
	EndProjectSection
EndProject
Project("{8BC9CEB8-8B4A-11D0-8D11-00A0C91BC942}") = "35_Blended_Textures", "35_Blended_Textures.vcxproj", "{BE087598-85A0-3462-90CA-0E1F2717FB4A}"
	ProjectSection(ProjectDependencies) = postProject
		{BE392409-FE45-35D9-A138-A72E9F9342A1} = {BE392409-FE45-35D9-A138-A72E9F9342A1}
		{5B121031-9B37-3674-9FFF-30640F67D549} = {5B121031-9B37-3674-9FFF-30640F67D549}
		{33B3B05E-9E2D-3B33-86D8-C28CD4B3D2E9} = {33B3B05E-9E2D-3B33-86D8-C28CD4B3D2E9}
		{01435949-A8CD-3FBE-A367-F4937BC60C01} = {01435949-A8CD-3FBE-A367-F4937BC60C01}
		{C89CC5EA-D547-36C1-B12C-63FDC45C800B} = {C89CC5EA-D547-36C1-B12C-63FDC45C800B}
		{E7DBDD3C-D014-348C-B7EC-1414E042549C} = {E7DBDD3C-D014-348C-B7EC-1414E042549C}
		{17D75F43-547C-35D3-8495-2E20F36F3688} = {17D75F43-547C-35D3-8495-2E20F36F3688}
		{D9DE09A6-1B1B-30C6-907B-9A0D9BD85002} = {D9DE09A6-1B1B-30C6-907B-9A0D9BD85002}
		{6E5DE55C-330A-3E0D-BB3D-E20D4D5BE09C} = {6E5DE55C-330A-3E0D-BB3D-E20D4D5BE09C}
	EndProjectSection
EndProject
Project("{8BC9CEB8-8B4A-11D0-8D11-00A0C91BC942}") = "36_Dissolve", "36_Dissolve.vcxproj", "{22F788C1-146B-395D-85C4-417EF4E03820}"
	ProjectSection(ProjectDependencies) = postProject
		{BE392409-FE45-35D9-A138-A72E9F9342A1} = {BE392409-FE45-35D9-A138-A72E9F9342A1}
		{5B121031-9B37-3674-9FFF-30640F67D549} = {5B121031-9B37-3674-9FFF-30640F67D549}
		{33B3B05E-9E2D-3B33-86D8-C28CD4B3D2E9} = {33B3B05E-9E2D-3B33-86D8-C28CD4B3D2E9}
		{01435949-A8CD-3FBE-A367-F4937BC60C01} = {01435949-A8CD-3FBE-A367-F4937BC60C01}
		{C89CC5EA-D547-36C1-B12C-63FDC45C800B} = {C89CC5EA-D547-36C1-B12C-63FDC45C800B}
		{E7DBDD3C-D014-348C-B7EC-1414E042549C} = {E7DBDD3C-D014-348C-B7EC-1414E042549C}
		{17D75F43-547C-35D3-8495-2E20F36F3688} = {17D75F43-547C-35D3-8495-2E20F36F3688}
		{D9DE09A6-1B1B-30C6-907B-9A0D9BD85002} = {D9DE09A6-1B1B-30C6-907B-9A0D9BD85002}
		{6E5DE55C-330A-3E0D-BB3D-E20D4D5BE09C} = {6E5DE55C-330A-3E0D-BB3D-E20D4D5BE09C}
	EndProjectSection
EndProject
Project("{8BC9CEB8-8B4A-11D0-8D11-00A0C91BC942}") = "37_Simple_Cell_Shading", "37_Simple_Cell_Shading.vcxproj", "{7F6E5796-577D-34CC-A5F6-4C71749DE89B}"
	ProjectSection(ProjectDependencies) = postProject
		{BE392409-FE45-35D9-A138-A72E9F9342A1} = {BE392409-FE45-35D9-A138-A72E9F9342A1}
		{5B121031-9B37-3674-9FFF-30640F67D549} = {5B121031-9B37-3674-9FFF-30640F67D549}
		{33B3B05E-9E2D-3B33-86D8-C28CD4B3D2E9} = {33B3B05E-9E2D-3B33-86D8-C28CD4B3D2E9}
		{01435949-A8CD-3FBE-A367-F4937BC60C01} = {01435949-A8CD-3FBE-A367-F4937BC60C01}
		{C89CC5EA-D547-36C1-B12C-63FDC45C800B} = {C89CC5EA-D547-36C1-B12C-63FDC45C800B}
		{E7DBDD3C-D014-348C-B7EC-1414E042549C} = {E7DBDD3C-D014-348C-B7EC-1414E042549C}
		{17D75F43-547C-35D3-8495-2E20F36F3688} = {17D75F43-547C-35D3-8495-2E20F36F3688}
		{D9DE09A6-1B1B-30C6-907B-9A0D9BD85002} = {D9DE09A6-1B1B-30C6-907B-9A0D9BD85002}
		{6E5DE55C-330A-3E0D-BB3D-E20D4D5BE09C} = {6E5DE55C-330A-3E0D-BB3D-E20D4D5BE09C}
	EndProjectSection
EndProject
Project("{8BC9CEB8-8B4A-11D0-8D11-00A0C91BC942}") = "39_Geometry_Builder", "39_Geometry_Builder.vcxproj", "{57003D19-57AE-3915-ABB8-F1885F050874}"
	ProjectSection(ProjectDependencies) = postProject
		{BE392409-FE45-35D9-A138-A72E9F9342A1} = {BE392409-FE45-35D9-A138-A72E9F9342A1}
		{5B121031-9B37-3674-9FFF-30640F67D549} = {5B121031-9B37-3674-9FFF-30640F67D549}
		{33B3B05E-9E2D-3B33-86D8-C28CD4B3D2E9} = {33B3B05E-9E2D-3B33-86D8-C28CD4B3D2E9}
		{01435949-A8CD-3FBE-A367-F4937BC60C01} = {01435949-A8CD-3FBE-A367-F4937BC60C01}
		{C89CC5EA-D547-36C1-B12C-63FDC45C800B} = {C89CC5EA-D547-36C1-B12C-63FDC45C800B}
		{E7DBDD3C-D014-348C-B7EC-1414E042549C} = {E7DBDD3C-D014-348C-B7EC-1414E042549C}
		{17D75F43-547C-35D3-8495-2E20F36F3688} = {17D75F43-547C-35D3-8495-2E20F36F3688}
		{D9DE09A6-1B1B-30C6-907B-9A0D9BD85002} = {D9DE09A6-1B1B-30C6-907B-9A0D9BD85002}
		{6E5DE55C-330A-3E0D-BB3D-E20D4D5BE09C} = {6E5DE55C-330A-3E0D-BB3D-E20D4D5BE09C}
	EndProjectSection
EndProject
Project("{8BC9CEB8-8B4A-11D0-8D11-00A0C91BC942}") = "IL", "devil-build\src-IL\IL.vcxproj", "{BE392409-FE45-35D9-A138-A72E9F9342A1}"
	ProjectSection(ProjectDependencies) = postProject
		{33B3B05E-9E2D-3B33-86D8-C28CD4B3D2E9} = {33B3B05E-9E2D-3B33-86D8-C28CD4B3D2E9}
		{E7DBDD3C-D014-348C-B7EC-1414E042549C} = {E7DBDD3C-D014-348C-B7EC-1414E042549C}
		{D9DE09A6-1B1B-30C6-907B-9A0D9BD85002} = {D9DE09A6-1B1B-30C6-907B-9A0D9BD85002}
		{6E5DE55C-330A-3E0D-BB3D-E20D4D5BE09C} = {6E5DE55C-330A-3E0D-BB3D-E20D4D5BE09C}
	EndProjectSection
EndProject
Project("{8BC9CEB8-8B4A-11D0-8D11-00A0C91BC942}") = "ILU", "devil-build\src-ILU\ILU.vcxproj", "{5B121031-9B37-3674-9FFF-30640F67D549}"
	ProjectSection(ProjectDependencies) = postProject
		{BE392409-FE45-35D9-A138-A72E9F9342A1} = {BE392409-FE45-35D9-A138-A72E9F9342A1}
		{33B3B05E-9E2D-3B33-86D8-C28CD4B3D2E9} = {33B3B05E-9E2D-3B33-86D8-C28CD4B3D2E9}
		{E7DBDD3C-D014-348C-B7EC-1414E042549C} = {E7DBDD3C-D014-348C-B7EC-1414E042549C}
		{D9DE09A6-1B1B-30C6-907B-9A0D9BD85002} = {D9DE09A6-1B1B-30C6-907B-9A0D9BD85002}
		{6E5DE55C-330A-3E0D-BB3D-E20D4D5BE09C} = {6E5DE55C-330A-3E0D-BB3D-E20D4D5BE09C}
	EndProjectSection
EndProject
Project("{8BC9CEB8-8B4A-11D0-8D11-00A0C91BC942}") = "ILUT", "devil-build\src-ILUT\ILUT.vcxproj", "{62296CB0-8FBD-3194-86A8-D5BA1DA278CC}"
	ProjectSection(ProjectDependencies) = postProject
		{BE392409-FE45-35D9-A138-A72E9F9342A1} = {BE392409-FE45-35D9-A138-A72E9F9342A1}
		{5B121031-9B37-3674-9FFF-30640F67D549} = {5B121031-9B37-3674-9FFF-30640F67D549}
		{33B3B05E-9E2D-3B33-86D8-C28CD4B3D2E9} = {33B3B05E-9E2D-3B33-86D8-C28CD4B3D2E9}
		{E7DBDD3C-D014-348C-B7EC-1414E042549C} = {E7DBDD3C-D014-348C-B7EC-1414E042549C}
		{D9DE09A6-1B1B-30C6-907B-9A0D9BD85002} = {D9DE09A6-1B1B-30C6-907B-9A0D9BD85002}
		{6E5DE55C-330A-3E0D-BB3D-E20D4D5BE09C} = {6E5DE55C-330A-3E0D-BB3D-E20D4D5BE09C}
	EndProjectSection
EndProject
Project("{8BC9CEB8-8B4A-11D0-8D11-00A0C91BC942}") = "INSTALL", "INSTALL.vcxproj", "{4B328AE6-1FD5-33FD-B15C-C2F7264F62F7}"
	ProjectSection(ProjectDependencies) = postProject
		{1914F34F-074B-3C5A-AFEB-2084445AD740} = {1914F34F-074B-3C5A-AFEB-2084445AD740}
		{33B3B05E-9E2D-3B33-86D8-C28CD4B3D2E9} = {33B3B05E-9E2D-3B33-86D8-C28CD4B3D2E9}
	EndProjectSection
EndProject
Project("{8BC9CEB8-8B4A-11D0-8D11-00A0C91BC942}") = "UpdateAssimpLibsDebugSymbolsAndDLLs", "assimp-build\UpdateAssimpLibsDebugSymbolsAndDLLs.vcxproj", "{33489BD5-502A-3AA9-BB54-2B79A36A821A}"
	ProjectSection(ProjectDependencies) = postProject
		{33B3B05E-9E2D-3B33-86D8-C28CD4B3D2E9} = {33B3B05E-9E2D-3B33-86D8-C28CD4B3D2E9}
	EndProjectSection
EndProject
Project("{8BC9CEB8-8B4A-11D0-8D11-00A0C91BC942}") = "ZERO_CHECK", "ZERO_CHECK.vcxproj", "{33B3B05E-9E2D-3B33-86D8-C28CD4B3D2E9}"
	ProjectSection(ProjectDependencies) = postProject
	EndProjectSection
EndProject
Project("{8BC9CEB8-8B4A-11D0-8D11-00A0C91BC942}") = "assimp", "assimp-build\code\assimp.vcxproj", "{01435949-A8CD-3FBE-A367-F4937BC60C01}"
	ProjectSection(ProjectDependencies) = postProject
		{33B3B05E-9E2D-3B33-86D8-C28CD4B3D2E9} = {33B3B05E-9E2D-3B33-86D8-C28CD4B3D2E9}
		{6E5DE55C-330A-3E0D-BB3D-E20D4D5BE09C} = {6E5DE55C-330A-3E0D-BB3D-E20D4D5BE09C}
	EndProjectSection
EndProject
Project("{8BC9CEB8-8B4A-11D0-8D11-00A0C91BC942}") = "enu_graphics_framework", "enu_gfx-build\enu_graphics_framework.vcxproj", "{C89CC5EA-D547-36C1-B12C-63FDC45C800B}"
	ProjectSection(ProjectDependencies) = postProject
		{BE392409-FE45-35D9-A138-A72E9F9342A1} = {BE392409-FE45-35D9-A138-A72E9F9342A1}
		{5B121031-9B37-3674-9FFF-30640F67D549} = {5B121031-9B37-3674-9FFF-30640F67D549}
		{33B3B05E-9E2D-3B33-86D8-C28CD4B3D2E9} = {33B3B05E-9E2D-3B33-86D8-C28CD4B3D2E9}
		{01435949-A8CD-3FBE-A367-F4937BC60C01} = {01435949-A8CD-3FBE-A367-F4937BC60C01}
		{4543503A-91D9-3BBF-8C7E-9B6238CE0FB4} = {4543503A-91D9-3BBF-8C7E-9B6238CE0FB4}
		{E7DBDD3C-D014-348C-B7EC-1414E042549C} = {E7DBDD3C-D014-348C-B7EC-1414E042549C}
		{17D75F43-547C-35D3-8495-2E20F36F3688} = {17D75F43-547C-35D3-8495-2E20F36F3688}
		{D9DE09A6-1B1B-30C6-907B-9A0D9BD85002} = {D9DE09A6-1B1B-30C6-907B-9A0D9BD85002}
		{6E5DE55C-330A-3E0D-BB3D-E20D4D5BE09C} = {6E5DE55C-330A-3E0D-BB3D-E20D4D5BE09C}
	EndProjectSection
EndProject
Project("{8BC9CEB8-8B4A-11D0-8D11-00A0C91BC942}") = "example", "zlib-build\example.vcxproj", "{D9504BD6-7562-328E-98DD-646DC1ECD578}"
	ProjectSection(ProjectDependencies) = postProject
		{33B3B05E-9E2D-3B33-86D8-C28CD4B3D2E9} = {33B3B05E-9E2D-3B33-86D8-C28CD4B3D2E9}
		{6E5DE55C-330A-3E0D-BB3D-E20D4D5BE09C} = {6E5DE55C-330A-3E0D-BB3D-E20D4D5BE09C}
	EndProjectSection
EndProject
Project("{8BC9CEB8-8B4A-11D0-8D11-00A0C91BC942}") = "genfiles", "libpng-build\genfiles.vcxproj", "{2F2F22B3-F522-346B-A313-9265CEE8A7BA}"
	ProjectSection(ProjectDependencies) = postProject
		{33B3B05E-9E2D-3B33-86D8-C28CD4B3D2E9} = {33B3B05E-9E2D-3B33-86D8-C28CD4B3D2E9}
	EndProjectSection
EndProject
Project("{8BC9CEB8-8B4A-11D0-8D11-00A0C91BC942}") = "glfw", "glfw-build\src\glfw.vcxproj", "{4543503A-91D9-3BBF-8C7E-9B6238CE0FB4}"
	ProjectSection(ProjectDependencies) = postProject
		{33B3B05E-9E2D-3B33-86D8-C28CD4B3D2E9} = {33B3B05E-9E2D-3B33-86D8-C28CD4B3D2E9}
	EndProjectSection
EndProject
Project("{8BC9CEB8-8B4A-11D0-8D11-00A0C91BC942}") = "glm_dummy", "glm-build\glm\glm_dummy.vcxproj", "{8EE49189-CE03-3835-B3DC-47E4CDBBAA3D}"
	ProjectSection(ProjectDependencies) = postProject
		{33B3B05E-9E2D-3B33-86D8-C28CD4B3D2E9} = {33B3B05E-9E2D-3B33-86D8-C28CD4B3D2E9}
	EndProjectSection
EndProject
Project("{8BC9CEB8-8B4A-11D0-8D11-00A0C91BC942}") = "jpeg", "libjpeg-build\jpeg.vcxproj", "{E7DBDD3C-D014-348C-B7EC-1414E042549C}"
	ProjectSection(ProjectDependencies) = postProject
		{33B3B05E-9E2D-3B33-86D8-C28CD4B3D2E9} = {33B3B05E-9E2D-3B33-86D8-C28CD4B3D2E9}
	EndProjectSection
EndProject
Project("{8BC9CEB8-8B4A-11D0-8D11-00A0C91BC942}") = "libglew_shared", "glew-build\libglew_shared.vcxproj", "{17D75F43-547C-35D3-8495-2E20F36F3688}"
	ProjectSection(ProjectDependencies) = postProject
		{33B3B05E-9E2D-3B33-86D8-C28CD4B3D2E9} = {33B3B05E-9E2D-3B33-86D8-C28CD4B3D2E9}
	EndProjectSection
EndProject
Project("{8BC9CEB8-8B4A-11D0-8D11-00A0C91BC942}") = "minigzip", "zlib-build\minigzip.vcxproj", "{D65248CE-41C3-3452-A016-CCF30E7A1989}"
	ProjectSection(ProjectDependencies) = postProject
		{33B3B05E-9E2D-3B33-86D8-C28CD4B3D2E9} = {33B3B05E-9E2D-3B33-86D8-C28CD4B3D2E9}
		{6E5DE55C-330A-3E0D-BB3D-E20D4D5BE09C} = {6E5DE55C-330A-3E0D-BB3D-E20D4D5BE09C}
	EndProjectSection
EndProject
Project("{8BC9CEB8-8B4A-11D0-8D11-00A0C91BC942}") = "png", "libpng-build\png.vcxproj", "{D9DE09A6-1B1B-30C6-907B-9A0D9BD85002}"
	ProjectSection(ProjectDependencies) = postProject
		{33B3B05E-9E2D-3B33-86D8-C28CD4B3D2E9} = {33B3B05E-9E2D-3B33-86D8-C28CD4B3D2E9}
		{2F2F22B3-F522-346B-A313-9265CEE8A7BA} = {2F2F22B3-F522-346B-A313-9265CEE8A7BA}
		{6E5DE55C-330A-3E0D-BB3D-E20D4D5BE09C} = {6E5DE55C-330A-3E0D-BB3D-E20D4D5BE09C}
	EndProjectSection
EndProject
Project("{8BC9CEB8-8B4A-11D0-8D11-00A0C91BC942}") = "png-fix-itxt", "libpng-build\png-fix-itxt.vcxproj", "{D1BBA096-3B0A-31D9-888F-43DA4459D68C}"
	ProjectSection(ProjectDependencies) = postProject
		{33B3B05E-9E2D-3B33-86D8-C28CD4B3D2E9} = {33B3B05E-9E2D-3B33-86D8-C28CD4B3D2E9}
		{6E5DE55C-330A-3E0D-BB3D-E20D4D5BE09C} = {6E5DE55C-330A-3E0D-BB3D-E20D4D5BE09C}
	EndProjectSection
EndProject
Project("{8BC9CEB8-8B4A-11D0-8D11-00A0C91BC942}") = "pngfix", "libpng-build\pngfix.vcxproj", "{2368BCED-8F1D-3023-89B0-259A1A52207A}"
	ProjectSection(ProjectDependencies) = postProject
		{33B3B05E-9E2D-3B33-86D8-C28CD4B3D2E9} = {33B3B05E-9E2D-3B33-86D8-C28CD4B3D2E9}
		{D9DE09A6-1B1B-30C6-907B-9A0D9BD85002} = {D9DE09A6-1B1B-30C6-907B-9A0D9BD85002}
		{6E5DE55C-330A-3E0D-BB3D-E20D4D5BE09C} = {6E5DE55C-330A-3E0D-BB3D-E20D4D5BE09C}
	EndProjectSection
EndProject
Project("{8BC9CEB8-8B4A-11D0-8D11-00A0C91BC942}") = "uninstall", "assimp-build\uninstall.vcxproj", "{BD2B6394-A0D3-3BEB-9027-69A91B1023A1}"
	ProjectSection(ProjectDependencies) = postProject
		{33B3B05E-9E2D-3B33-86D8-C28CD4B3D2E9} = {33B3B05E-9E2D-3B33-86D8-C28CD4B3D2E9}
	EndProjectSection
EndProject
Project("{8BC9CEB8-8B4A-11D0-8D11-00A0C91BC942}") = "zlib", "zlib-build\zlib.vcxproj", "{6E5DE55C-330A-3E0D-BB3D-E20D4D5BE09C}"
	ProjectSection(ProjectDependencies) = postProject
		{33B3B05E-9E2D-3B33-86D8-C28CD4B3D2E9} = {33B3B05E-9E2D-3B33-86D8-C28CD4B3D2E9}
	EndProjectSection
EndProject
Project("{8BC9CEB8-8B4A-11D0-8D11-00A0C91BC942}") = "zlibstatic", "zlib-build\zlibstatic.vcxproj", "{1B2D518F-A618-38F7-9A95-8D95F171A444}"
	ProjectSection(ProjectDependencies) = postProject
		{33B3B05E-9E2D-3B33-86D8-C28CD4B3D2E9} = {33B3B05E-9E2D-3B33-86D8-C28CD4B3D2E9}
	EndProjectSection
EndProject
Global
	GlobalSection(SolutionConfigurationPlatforms) = preSolution
		Debug|x64 = Debug|x64
		Release|x64 = Release|x64
		MinSizeRel|x64 = MinSizeRel|x64
		RelWithDebInfo|x64 = RelWithDebInfo|x64
	EndGlobalSection
	GlobalSection(ProjectConfigurationPlatforms) = postSolution
		{1914F34F-074B-3C5A-AFEB-2084445AD740}.Debug|x64.ActiveCfg = Debug|x64
		{1914F34F-074B-3C5A-AFEB-2084445AD740}.Debug|x64.Build.0 = Debug|x64
		{1914F34F-074B-3C5A-AFEB-2084445AD740}.Release|x64.ActiveCfg = Release|x64
		{1914F34F-074B-3C5A-AFEB-2084445AD740}.Release|x64.Build.0 = Release|x64
		{1914F34F-074B-3C5A-AFEB-2084445AD740}.MinSizeRel|x64.ActiveCfg = MinSizeRel|x64
		{1914F34F-074B-3C5A-AFEB-2084445AD740}.MinSizeRel|x64.Build.0 = MinSizeRel|x64
		{1914F34F-074B-3C5A-AFEB-2084445AD740}.RelWithDebInfo|x64.ActiveCfg = RelWithDebInfo|x64
		{1914F34F-074B-3C5A-AFEB-2084445AD740}.RelWithDebInfo|x64.Build.0 = RelWithDebInfo|x64
		{A0AE0C68-5BBC-3D27-A3E7-93F31F148776}.Debug|x64.ActiveCfg = Debug|x64
		{A0AE0C68-5BBC-3D27-A3E7-93F31F148776}.Debug|x64.Build.0 = Debug|x64
		{A0AE0C68-5BBC-3D27-A3E7-93F31F148776}.Release|x64.ActiveCfg = Release|x64
		{A0AE0C68-5BBC-3D27-A3E7-93F31F148776}.Release|x64.Build.0 = Release|x64
		{A0AE0C68-5BBC-3D27-A3E7-93F31F148776}.MinSizeRel|x64.ActiveCfg = MinSizeRel|x64
		{A0AE0C68-5BBC-3D27-A3E7-93F31F148776}.MinSizeRel|x64.Build.0 = MinSizeRel|x64
		{A0AE0C68-5BBC-3D27-A3E7-93F31F148776}.RelWithDebInfo|x64.ActiveCfg = RelWithDebInfo|x64
		{A0AE0C68-5BBC-3D27-A3E7-93F31F148776}.RelWithDebInfo|x64.Build.0 = RelWithDebInfo|x64
		{DE4E1083-A960-30FD-8957-80BECA690447}.Debug|x64.ActiveCfg = Debug|x64
		{DE4E1083-A960-30FD-8957-80BECA690447}.Debug|x64.Build.0 = Debug|x64
		{DE4E1083-A960-30FD-8957-80BECA690447}.Release|x64.ActiveCfg = Release|x64
		{DE4E1083-A960-30FD-8957-80BECA690447}.Release|x64.Build.0 = Release|x64
		{DE4E1083-A960-30FD-8957-80BECA690447}.MinSizeRel|x64.ActiveCfg = MinSizeRel|x64
		{DE4E1083-A960-30FD-8957-80BECA690447}.MinSizeRel|x64.Build.0 = MinSizeRel|x64
		{DE4E1083-A960-30FD-8957-80BECA690447}.RelWithDebInfo|x64.ActiveCfg = RelWithDebInfo|x64
		{DE4E1083-A960-30FD-8957-80BECA690447}.RelWithDebInfo|x64.Build.0 = RelWithDebInfo|x64
		{3BF3CA8C-0B4C-32AD-941C-D5FBE124C75B}.Debug|x64.ActiveCfg = Debug|x64
		{3BF3CA8C-0B4C-32AD-941C-D5FBE124C75B}.Debug|x64.Build.0 = Debug|x64
		{3BF3CA8C-0B4C-32AD-941C-D5FBE124C75B}.Release|x64.ActiveCfg = Release|x64
		{3BF3CA8C-0B4C-32AD-941C-D5FBE124C75B}.Release|x64.Build.0 = Release|x64
		{3BF3CA8C-0B4C-32AD-941C-D5FBE124C75B}.MinSizeRel|x64.ActiveCfg = MinSizeRel|x64
		{3BF3CA8C-0B4C-32AD-941C-D5FBE124C75B}.MinSizeRel|x64.Build.0 = MinSizeRel|x64
		{3BF3CA8C-0B4C-32AD-941C-D5FBE124C75B}.RelWithDebInfo|x64.ActiveCfg = RelWithDebInfo|x64
		{3BF3CA8C-0B4C-32AD-941C-D5FBE124C75B}.RelWithDebInfo|x64.Build.0 = RelWithDebInfo|x64
		{08FD79F8-2C31-3420-A835-C90690AEE25A}.Debug|x64.ActiveCfg = Debug|x64
		{08FD79F8-2C31-3420-A835-C90690AEE25A}.Debug|x64.Build.0 = Debug|x64
		{08FD79F8-2C31-3420-A835-C90690AEE25A}.Release|x64.ActiveCfg = Release|x64
		{08FD79F8-2C31-3420-A835-C90690AEE25A}.Release|x64.Build.0 = Release|x64
		{08FD79F8-2C31-3420-A835-C90690AEE25A}.MinSizeRel|x64.ActiveCfg = MinSizeRel|x64
		{08FD79F8-2C31-3420-A835-C90690AEE25A}.MinSizeRel|x64.Build.0 = MinSizeRel|x64
		{08FD79F8-2C31-3420-A835-C90690AEE25A}.RelWithDebInfo|x64.ActiveCfg = RelWithDebInfo|x64
		{08FD79F8-2C31-3420-A835-C90690AEE25A}.RelWithDebInfo|x64.Build.0 = RelWithDebInfo|x64
		{1D75834D-F8DE-3FE7-9B6C-5585F09F4C41}.Debug|x64.ActiveCfg = Debug|x64
		{1D75834D-F8DE-3FE7-9B6C-5585F09F4C41}.Debug|x64.Build.0 = Debug|x64
		{1D75834D-F8DE-3FE7-9B6C-5585F09F4C41}.Release|x64.ActiveCfg = Release|x64
		{1D75834D-F8DE-3FE7-9B6C-5585F09F4C41}.Release|x64.Build.0 = Release|x64
		{1D75834D-F8DE-3FE7-9B6C-5585F09F4C41}.MinSizeRel|x64.ActiveCfg = MinSizeRel|x64
		{1D75834D-F8DE-3FE7-9B6C-5585F09F4C41}.MinSizeRel|x64.Build.0 = MinSizeRel|x64
		{1D75834D-F8DE-3FE7-9B6C-5585F09F4C41}.RelWithDebInfo|x64.ActiveCfg = RelWithDebInfo|x64
		{1D75834D-F8DE-3FE7-9B6C-5585F09F4C41}.RelWithDebInfo|x64.Build.0 = RelWithDebInfo|x64
		{E31630A5-3E95-3CBE-BB06-9C8932216D74}.Debug|x64.ActiveCfg = Debug|x64
		{E31630A5-3E95-3CBE-BB06-9C8932216D74}.Debug|x64.Build.0 = Debug|x64
		{E31630A5-3E95-3CBE-BB06-9C8932216D74}.Release|x64.ActiveCfg = Release|x64
		{E31630A5-3E95-3CBE-BB06-9C8932216D74}.Release|x64.Build.0 = Release|x64
		{E31630A5-3E95-3CBE-BB06-9C8932216D74}.MinSizeRel|x64.ActiveCfg = MinSizeRel|x64
		{E31630A5-3E95-3CBE-BB06-9C8932216D74}.MinSizeRel|x64.Build.0 = MinSizeRel|x64
		{E31630A5-3E95-3CBE-BB06-9C8932216D74}.RelWithDebInfo|x64.ActiveCfg = RelWithDebInfo|x64
		{E31630A5-3E95-3CBE-BB06-9C8932216D74}.RelWithDebInfo|x64.Build.0 = RelWithDebInfo|x64
		{17491E13-7294-318F-98E6-235AAE7CE33F}.Debug|x64.ActiveCfg = Debug|x64
		{17491E13-7294-318F-98E6-235AAE7CE33F}.Debug|x64.Build.0 = Debug|x64
		{17491E13-7294-318F-98E6-235AAE7CE33F}.Release|x64.ActiveCfg = Release|x64
		{17491E13-7294-318F-98E6-235AAE7CE33F}.Release|x64.Build.0 = Release|x64
		{17491E13-7294-318F-98E6-235AAE7CE33F}.MinSizeRel|x64.ActiveCfg = MinSizeRel|x64
		{17491E13-7294-318F-98E6-235AAE7CE33F}.MinSizeRel|x64.Build.0 = MinSizeRel|x64
		{17491E13-7294-318F-98E6-235AAE7CE33F}.RelWithDebInfo|x64.ActiveCfg = RelWithDebInfo|x64
		{17491E13-7294-318F-98E6-235AAE7CE33F}.RelWithDebInfo|x64.Build.0 = RelWithDebInfo|x64
		{6761A950-D407-346B-B672-EBF860B88EC8}.Debug|x64.ActiveCfg = Debug|x64
		{6761A950-D407-346B-B672-EBF860B88EC8}.Debug|x64.Build.0 = Debug|x64
		{6761A950-D407-346B-B672-EBF860B88EC8}.Release|x64.ActiveCfg = Release|x64
		{6761A950-D407-346B-B672-EBF860B88EC8}.Release|x64.Build.0 = Release|x64
		{6761A950-D407-346B-B672-EBF860B88EC8}.MinSizeRel|x64.ActiveCfg = MinSizeRel|x64
		{6761A950-D407-346B-B672-EBF860B88EC8}.MinSizeRel|x64.Build.0 = MinSizeRel|x64
		{6761A950-D407-346B-B672-EBF860B88EC8}.RelWithDebInfo|x64.ActiveCfg = RelWithDebInfo|x64
		{6761A950-D407-346B-B672-EBF860B88EC8}.RelWithDebInfo|x64.Build.0 = RelWithDebInfo|x64
		{B8E38A6B-825C-3D55-91A4-0F9668AABBD0}.Debug|x64.ActiveCfg = Debug|x64
		{B8E38A6B-825C-3D55-91A4-0F9668AABBD0}.Debug|x64.Build.0 = Debug|x64
		{B8E38A6B-825C-3D55-91A4-0F9668AABBD0}.Release|x64.ActiveCfg = Release|x64
		{B8E38A6B-825C-3D55-91A4-0F9668AABBD0}.Release|x64.Build.0 = Release|x64
		{B8E38A6B-825C-3D55-91A4-0F9668AABBD0}.MinSizeRel|x64.ActiveCfg = MinSizeRel|x64
		{B8E38A6B-825C-3D55-91A4-0F9668AABBD0}.MinSizeRel|x64.Build.0 = MinSizeRel|x64
		{B8E38A6B-825C-3D55-91A4-0F9668AABBD0}.RelWithDebInfo|x64.ActiveCfg = RelWithDebInfo|x64
		{B8E38A6B-825C-3D55-91A4-0F9668AABBD0}.RelWithDebInfo|x64.Build.0 = RelWithDebInfo|x64
		{DCAA733E-D6C5-3EBF-8F0A-6BD396CD0A20}.Debug|x64.ActiveCfg = Debug|x64
		{DCAA733E-D6C5-3EBF-8F0A-6BD396CD0A20}.Debug|x64.Build.0 = Debug|x64
		{DCAA733E-D6C5-3EBF-8F0A-6BD396CD0A20}.Release|x64.ActiveCfg = Release|x64
		{DCAA733E-D6C5-3EBF-8F0A-6BD396CD0A20}.Release|x64.Build.0 = Release|x64
		{DCAA733E-D6C5-3EBF-8F0A-6BD396CD0A20}.MinSizeRel|x64.ActiveCfg = MinSizeRel|x64
		{DCAA733E-D6C5-3EBF-8F0A-6BD396CD0A20}.MinSizeRel|x64.Build.0 = MinSizeRel|x64
		{DCAA733E-D6C5-3EBF-8F0A-6BD396CD0A20}.RelWithDebInfo|x64.ActiveCfg = RelWithDebInfo|x64
		{DCAA733E-D6C5-3EBF-8F0A-6BD396CD0A20}.RelWithDebInfo|x64.Build.0 = RelWithDebInfo|x64
		{8F382AF7-97CD-3F89-B4D0-E50FD7029413}.Debug|x64.ActiveCfg = Debug|x64
		{8F382AF7-97CD-3F89-B4D0-E50FD7029413}.Debug|x64.Build.0 = Debug|x64
		{8F382AF7-97CD-3F89-B4D0-E50FD7029413}.Release|x64.ActiveCfg = Release|x64
		{8F382AF7-97CD-3F89-B4D0-E50FD7029413}.Release|x64.Build.0 = Release|x64
		{8F382AF7-97CD-3F89-B4D0-E50FD7029413}.MinSizeRel|x64.ActiveCfg = MinSizeRel|x64
		{8F382AF7-97CD-3F89-B4D0-E50FD7029413}.MinSizeRel|x64.Build.0 = MinSizeRel|x64
		{8F382AF7-97CD-3F89-B4D0-E50FD7029413}.RelWithDebInfo|x64.ActiveCfg = RelWithDebInfo|x64
		{8F382AF7-97CD-3F89-B4D0-E50FD7029413}.RelWithDebInfo|x64.Build.0 = RelWithDebInfo|x64
		{9E651EC5-DA10-397C-AADB-8152778AE7E8}.Debug|x64.ActiveCfg = Debug|x64
		{9E651EC5-DA10-397C-AADB-8152778AE7E8}.Debug|x64.Build.0 = Debug|x64
		{9E651EC5-DA10-397C-AADB-8152778AE7E8}.Release|x64.ActiveCfg = Release|x64
		{9E651EC5-DA10-397C-AADB-8152778AE7E8}.Release|x64.Build.0 = Release|x64
		{9E651EC5-DA10-397C-AADB-8152778AE7E8}.MinSizeRel|x64.ActiveCfg = MinSizeRel|x64
		{9E651EC5-DA10-397C-AADB-8152778AE7E8}.MinSizeRel|x64.Build.0 = MinSizeRel|x64
		{9E651EC5-DA10-397C-AADB-8152778AE7E8}.RelWithDebInfo|x64.ActiveCfg = RelWithDebInfo|x64
		{9E651EC5-DA10-397C-AADB-8152778AE7E8}.RelWithDebInfo|x64.Build.0 = RelWithDebInfo|x64
		{C976CD8C-BE2D-345A-8AFF-CE66897D2EE3}.Debug|x64.ActiveCfg = Debug|x64
		{C976CD8C-BE2D-345A-8AFF-CE66897D2EE3}.Debug|x64.Build.0 = Debug|x64
		{C976CD8C-BE2D-345A-8AFF-CE66897D2EE3}.Release|x64.ActiveCfg = Release|x64
		{C976CD8C-BE2D-345A-8AFF-CE66897D2EE3}.Release|x64.Build.0 = Release|x64
		{C976CD8C-BE2D-345A-8AFF-CE66897D2EE3}.MinSizeRel|x64.ActiveCfg = MinSizeRel|x64
		{C976CD8C-BE2D-345A-8AFF-CE66897D2EE3}.MinSizeRel|x64.Build.0 = MinSizeRel|x64
		{C976CD8C-BE2D-345A-8AFF-CE66897D2EE3}.RelWithDebInfo|x64.ActiveCfg = RelWithDebInfo|x64
		{C976CD8C-BE2D-345A-8AFF-CE66897D2EE3}.RelWithDebInfo|x64.Build.0 = RelWithDebInfo|x64
		{ED7F94A9-D83D-3E63-AB45-409DB1ABD147}.Debug|x64.ActiveCfg = Debug|x64
		{ED7F94A9-D83D-3E63-AB45-409DB1ABD147}.Debug|x64.Build.0 = Debug|x64
		{ED7F94A9-D83D-3E63-AB45-409DB1ABD147}.Release|x64.ActiveCfg = Release|x64
		{ED7F94A9-D83D-3E63-AB45-409DB1ABD147}.Release|x64.Build.0 = Release|x64
		{ED7F94A9-D83D-3E63-AB45-409DB1ABD147}.MinSizeRel|x64.ActiveCfg = MinSizeRel|x64
		{ED7F94A9-D83D-3E63-AB45-409DB1ABD147}.MinSizeRel|x64.Build.0 = MinSizeRel|x64
		{ED7F94A9-D83D-3E63-AB45-409DB1ABD147}.RelWithDebInfo|x64.ActiveCfg = RelWithDebInfo|x64
		{ED7F94A9-D83D-3E63-AB45-409DB1ABD147}.RelWithDebInfo|x64.Build.0 = RelWithDebInfo|x64
		{AC3D8A51-6098-373A-9BBD-9618C02B7C36}.Debug|x64.ActiveCfg = Debug|x64
		{AC3D8A51-6098-373A-9BBD-9618C02B7C36}.Debug|x64.Build.0 = Debug|x64
		{AC3D8A51-6098-373A-9BBD-9618C02B7C36}.Release|x64.ActiveCfg = Release|x64
		{AC3D8A51-6098-373A-9BBD-9618C02B7C36}.Release|x64.Build.0 = Release|x64
		{AC3D8A51-6098-373A-9BBD-9618C02B7C36}.MinSizeRel|x64.ActiveCfg = MinSizeRel|x64
		{AC3D8A51-6098-373A-9BBD-9618C02B7C36}.MinSizeRel|x64.Build.0 = MinSizeRel|x64
		{AC3D8A51-6098-373A-9BBD-9618C02B7C36}.RelWithDebInfo|x64.ActiveCfg = RelWithDebInfo|x64
		{AC3D8A51-6098-373A-9BBD-9618C02B7C36}.RelWithDebInfo|x64.Build.0 = RelWithDebInfo|x64
		{37FE6E47-875A-3231-8CFB-0BADDD8AF553}.Debug|x64.ActiveCfg = Debug|x64
		{37FE6E47-875A-3231-8CFB-0BADDD8AF553}.Debug|x64.Build.0 = Debug|x64
		{37FE6E47-875A-3231-8CFB-0BADDD8AF553}.Release|x64.ActiveCfg = Release|x64
		{37FE6E47-875A-3231-8CFB-0BADDD8AF553}.Release|x64.Build.0 = Release|x64
		{37FE6E47-875A-3231-8CFB-0BADDD8AF553}.MinSizeRel|x64.ActiveCfg = MinSizeRel|x64
		{37FE6E47-875A-3231-8CFB-0BADDD8AF553}.MinSizeRel|x64.Build.0 = MinSizeRel|x64
		{37FE6E47-875A-3231-8CFB-0BADDD8AF553}.RelWithDebInfo|x64.ActiveCfg = RelWithDebInfo|x64
		{37FE6E47-875A-3231-8CFB-0BADDD8AF553}.RelWithDebInfo|x64.Build.0 = RelWithDebInfo|x64
		{5D8E5A86-4B83-3395-9B00-CE21ED9EF34A}.Debug|x64.ActiveCfg = Debug|x64
		{5D8E5A86-4B83-3395-9B00-CE21ED9EF34A}.Debug|x64.Build.0 = Debug|x64
		{5D8E5A86-4B83-3395-9B00-CE21ED9EF34A}.Release|x64.ActiveCfg = Release|x64
		{5D8E5A86-4B83-3395-9B00-CE21ED9EF34A}.Release|x64.Build.0 = Release|x64
		{5D8E5A86-4B83-3395-9B00-CE21ED9EF34A}.MinSizeRel|x64.ActiveCfg = MinSizeRel|x64
		{5D8E5A86-4B83-3395-9B00-CE21ED9EF34A}.MinSizeRel|x64.Build.0 = MinSizeRel|x64
		{5D8E5A86-4B83-3395-9B00-CE21ED9EF34A}.RelWithDebInfo|x64.ActiveCfg = RelWithDebInfo|x64
		{5D8E5A86-4B83-3395-9B00-CE21ED9EF34A}.RelWithDebInfo|x64.Build.0 = RelWithDebInfo|x64
		{67BE3274-F279-35F1-9AFB-9E22DAB5DFFF}.Debug|x64.ActiveCfg = Debug|x64
		{67BE3274-F279-35F1-9AFB-9E22DAB5DFFF}.Debug|x64.Build.0 = Debug|x64
		{67BE3274-F279-35F1-9AFB-9E22DAB5DFFF}.Release|x64.ActiveCfg = Release|x64
		{67BE3274-F279-35F1-9AFB-9E22DAB5DFFF}.Release|x64.Build.0 = Release|x64
		{67BE3274-F279-35F1-9AFB-9E22DAB5DFFF}.MinSizeRel|x64.ActiveCfg = MinSizeRel|x64
		{67BE3274-F279-35F1-9AFB-9E22DAB5DFFF}.MinSizeRel|x64.Build.0 = MinSizeRel|x64
		{67BE3274-F279-35F1-9AFB-9E22DAB5DFFF}.RelWithDebInfo|x64.ActiveCfg = RelWithDebInfo|x64
		{67BE3274-F279-35F1-9AFB-9E22DAB5DFFF}.RelWithDebInfo|x64.Build.0 = RelWithDebInfo|x64
		{B8A086C8-3F5C-3EF0-9067-81C8910AE782}.Debug|x64.ActiveCfg = Debug|x64
		{B8A086C8-3F5C-3EF0-9067-81C8910AE782}.Debug|x64.Build.0 = Debug|x64
		{B8A086C8-3F5C-3EF0-9067-81C8910AE782}.Release|x64.ActiveCfg = Release|x64
		{B8A086C8-3F5C-3EF0-9067-81C8910AE782}.Release|x64.Build.0 = Release|x64
		{B8A086C8-3F5C-3EF0-9067-81C8910AE782}.MinSizeRel|x64.ActiveCfg = MinSizeRel|x64
		{B8A086C8-3F5C-3EF0-9067-81C8910AE782}.MinSizeRel|x64.Build.0 = MinSizeRel|x64
		{B8A086C8-3F5C-3EF0-9067-81C8910AE782}.RelWithDebInfo|x64.ActiveCfg = RelWithDebInfo|x64
		{B8A086C8-3F5C-3EF0-9067-81C8910AE782}.RelWithDebInfo|x64.Build.0 = RelWithDebInfo|x64
		{E56EBD48-4448-3792-AF02-E434A4375EB4}.Debug|x64.ActiveCfg = Debug|x64
		{E56EBD48-4448-3792-AF02-E434A4375EB4}.Debug|x64.Build.0 = Debug|x64
		{E56EBD48-4448-3792-AF02-E434A4375EB4}.Release|x64.ActiveCfg = Release|x64
		{E56EBD48-4448-3792-AF02-E434A4375EB4}.Release|x64.Build.0 = Release|x64
		{E56EBD48-4448-3792-AF02-E434A4375EB4}.MinSizeRel|x64.ActiveCfg = MinSizeRel|x64
		{E56EBD48-4448-3792-AF02-E434A4375EB4}.MinSizeRel|x64.Build.0 = MinSizeRel|x64
		{E56EBD48-4448-3792-AF02-E434A4375EB4}.RelWithDebInfo|x64.ActiveCfg = RelWithDebInfo|x64
		{E56EBD48-4448-3792-AF02-E434A4375EB4}.RelWithDebInfo|x64.Build.0 = RelWithDebInfo|x64
		{6646455C-5AE1-3951-8B59-876A0D10530B}.Debug|x64.ActiveCfg = Debug|x64
		{6646455C-5AE1-3951-8B59-876A0D10530B}.Debug|x64.Build.0 = Debug|x64
		{6646455C-5AE1-3951-8B59-876A0D10530B}.Release|x64.ActiveCfg = Release|x64
		{6646455C-5AE1-3951-8B59-876A0D10530B}.Release|x64.Build.0 = Release|x64
		{6646455C-5AE1-3951-8B59-876A0D10530B}.MinSizeRel|x64.ActiveCfg = MinSizeRel|x64
		{6646455C-5AE1-3951-8B59-876A0D10530B}.MinSizeRel|x64.Build.0 = MinSizeRel|x64
		{6646455C-5AE1-3951-8B59-876A0D10530B}.RelWithDebInfo|x64.ActiveCfg = RelWithDebInfo|x64
		{6646455C-5AE1-3951-8B59-876A0D10530B}.RelWithDebInfo|x64.Build.0 = RelWithDebInfo|x64
		{1FBDFC2E-6B1F-3AA4-859D-365FD6F0B483}.Debug|x64.ActiveCfg = Debug|x64
		{1FBDFC2E-6B1F-3AA4-859D-365FD6F0B483}.Debug|x64.Build.0 = Debug|x64
		{1FBDFC2E-6B1F-3AA4-859D-365FD6F0B483}.Release|x64.ActiveCfg = Release|x64
		{1FBDFC2E-6B1F-3AA4-859D-365FD6F0B483}.Release|x64.Build.0 = Release|x64
		{1FBDFC2E-6B1F-3AA4-859D-365FD6F0B483}.MinSizeRel|x64.ActiveCfg = MinSizeRel|x64
		{1FBDFC2E-6B1F-3AA4-859D-365FD6F0B483}.MinSizeRel|x64.Build.0 = MinSizeRel|x64
		{1FBDFC2E-6B1F-3AA4-859D-365FD6F0B483}.RelWithDebInfo|x64.ActiveCfg = RelWithDebInfo|x64
		{1FBDFC2E-6B1F-3AA4-859D-365FD6F0B483}.RelWithDebInfo|x64.Build.0 = RelWithDebInfo|x64
		{08967F77-15EB-3B31-8F21-856E16FEFE8C}.Debug|x64.ActiveCfg = Debug|x64
		{08967F77-15EB-3B31-8F21-856E16FEFE8C}.Debug|x64.Build.0 = Debug|x64
		{08967F77-15EB-3B31-8F21-856E16FEFE8C}.Release|x64.ActiveCfg = Release|x64
		{08967F77-15EB-3B31-8F21-856E16FEFE8C}.Release|x64.Build.0 = Release|x64
		{08967F77-15EB-3B31-8F21-856E16FEFE8C}.MinSizeRel|x64.ActiveCfg = MinSizeRel|x64
		{08967F77-15EB-3B31-8F21-856E16FEFE8C}.MinSizeRel|x64.Build.0 = MinSizeRel|x64
		{08967F77-15EB-3B31-8F21-856E16FEFE8C}.RelWithDebInfo|x64.ActiveCfg = RelWithDebInfo|x64
		{08967F77-15EB-3B31-8F21-856E16FEFE8C}.RelWithDebInfo|x64.Build.0 = RelWithDebInfo|x64
		{E5A14D58-B452-3E60-A21C-44782A299AC7}.Debug|x64.ActiveCfg = Debug|x64
		{E5A14D58-B452-3E60-A21C-44782A299AC7}.Debug|x64.Build.0 = Debug|x64
		{E5A14D58-B452-3E60-A21C-44782A299AC7}.Release|x64.ActiveCfg = Release|x64
		{E5A14D58-B452-3E60-A21C-44782A299AC7}.Release|x64.Build.0 = Release|x64
		{E5A14D58-B452-3E60-A21C-44782A299AC7}.MinSizeRel|x64.ActiveCfg = MinSizeRel|x64
		{E5A14D58-B452-3E60-A21C-44782A299AC7}.MinSizeRel|x64.Build.0 = MinSizeRel|x64
		{E5A14D58-B452-3E60-A21C-44782A299AC7}.RelWithDebInfo|x64.ActiveCfg = RelWithDebInfo|x64
		{E5A14D58-B452-3E60-A21C-44782A299AC7}.RelWithDebInfo|x64.Build.0 = RelWithDebInfo|x64
		{416925B3-1FCF-33CD-A526-5B563793DF21}.Debug|x64.ActiveCfg = Debug|x64
		{416925B3-1FCF-33CD-A526-5B563793DF21}.Debug|x64.Build.0 = Debug|x64
		{416925B3-1FCF-33CD-A526-5B563793DF21}.Release|x64.ActiveCfg = Release|x64
		{416925B3-1FCF-33CD-A526-5B563793DF21}.Release|x64.Build.0 = Release|x64
		{416925B3-1FCF-33CD-A526-5B563793DF21}.MinSizeRel|x64.ActiveCfg = MinSizeRel|x64
		{416925B3-1FCF-33CD-A526-5B563793DF21}.MinSizeRel|x64.Build.0 = MinSizeRel|x64
		{416925B3-1FCF-33CD-A526-5B563793DF21}.RelWithDebInfo|x64.ActiveCfg = RelWithDebInfo|x64
		{416925B3-1FCF-33CD-A526-5B563793DF21}.RelWithDebInfo|x64.Build.0 = RelWithDebInfo|x64
		{D7302849-954D-36CD-BEA0-BA2D90BA54D3}.Debug|x64.ActiveCfg = Debug|x64
		{D7302849-954D-36CD-BEA0-BA2D90BA54D3}.Debug|x64.Build.0 = Debug|x64
		{D7302849-954D-36CD-BEA0-BA2D90BA54D3}.Release|x64.ActiveCfg = Release|x64
		{D7302849-954D-36CD-BEA0-BA2D90BA54D3}.Release|x64.Build.0 = Release|x64
		{D7302849-954D-36CD-BEA0-BA2D90BA54D3}.MinSizeRel|x64.ActiveCfg = MinSizeRel|x64
		{D7302849-954D-36CD-BEA0-BA2D90BA54D3}.MinSizeRel|x64.Build.0 = MinSizeRel|x64
		{D7302849-954D-36CD-BEA0-BA2D90BA54D3}.RelWithDebInfo|x64.ActiveCfg = RelWithDebInfo|x64
		{D7302849-954D-36CD-BEA0-BA2D90BA54D3}.RelWithDebInfo|x64.Build.0 = RelWithDebInfo|x64
		{17EBA9DB-441A-370B-8B9E-44EA1B136830}.Debug|x64.ActiveCfg = Debug|x64
		{17EBA9DB-441A-370B-8B9E-44EA1B136830}.Debug|x64.Build.0 = Debug|x64
		{17EBA9DB-441A-370B-8B9E-44EA1B136830}.Release|x64.ActiveCfg = Release|x64
		{17EBA9DB-441A-370B-8B9E-44EA1B136830}.Release|x64.Build.0 = Release|x64
		{17EBA9DB-441A-370B-8B9E-44EA1B136830}.MinSizeRel|x64.ActiveCfg = MinSizeRel|x64
		{17EBA9DB-441A-370B-8B9E-44EA1B136830}.MinSizeRel|x64.Build.0 = MinSizeRel|x64
		{17EBA9DB-441A-370B-8B9E-44EA1B136830}.RelWithDebInfo|x64.ActiveCfg = RelWithDebInfo|x64
		{17EBA9DB-441A-370B-8B9E-44EA1B136830}.RelWithDebInfo|x64.Build.0 = RelWithDebInfo|x64
		{D7F88AD0-4F3B-33E6-98B3-66B835650A35}.Debug|x64.ActiveCfg = Debug|x64
		{D7F88AD0-4F3B-33E6-98B3-66B835650A35}.Debug|x64.Build.0 = Debug|x64
		{D7F88AD0-4F3B-33E6-98B3-66B835650A35}.Release|x64.ActiveCfg = Release|x64
		{D7F88AD0-4F3B-33E6-98B3-66B835650A35}.Release|x64.Build.0 = Release|x64
		{D7F88AD0-4F3B-33E6-98B3-66B835650A35}.MinSizeRel|x64.ActiveCfg = MinSizeRel|x64
		{D7F88AD0-4F3B-33E6-98B3-66B835650A35}.MinSizeRel|x64.Build.0 = MinSizeRel|x64
		{D7F88AD0-4F3B-33E6-98B3-66B835650A35}.RelWithDebInfo|x64.ActiveCfg = RelWithDebInfo|x64
		{D7F88AD0-4F3B-33E6-98B3-66B835650A35}.RelWithDebInfo|x64.Build.0 = RelWithDebInfo|x64
		{7986BC32-BAAF-33C6-9F19-AD559ED83131}.Debug|x64.ActiveCfg = Debug|x64
		{7986BC32-BAAF-33C6-9F19-AD559ED83131}.Debug|x64.Build.0 = Debug|x64
		{7986BC32-BAAF-33C6-9F19-AD559ED83131}.Release|x64.ActiveCfg = Release|x64
		{7986BC32-BAAF-33C6-9F19-AD559ED83131}.Release|x64.Build.0 = Release|x64
		{7986BC32-BAAF-33C6-9F19-AD559ED83131}.MinSizeRel|x64.ActiveCfg = MinSizeRel|x64
		{7986BC32-BAAF-33C6-9F19-AD559ED83131}.MinSizeRel|x64.Build.0 = MinSizeRel|x64
		{7986BC32-BAAF-33C6-9F19-AD559ED83131}.RelWithDebInfo|x64.ActiveCfg = RelWithDebInfo|x64
		{7986BC32-BAAF-33C6-9F19-AD559ED83131}.RelWithDebInfo|x64.Build.0 = RelWithDebInfo|x64
		{2FC52FDE-1DD8-35DF-B910-EFE8B05D92B0}.Debug|x64.ActiveCfg = Debug|x64
		{2FC52FDE-1DD8-35DF-B910-EFE8B05D92B0}.Debug|x64.Build.0 = Debug|x64
		{2FC52FDE-1DD8-35DF-B910-EFE8B05D92B0}.Release|x64.ActiveCfg = Release|x64
		{2FC52FDE-1DD8-35DF-B910-EFE8B05D92B0}.Release|x64.Build.0 = Release|x64
		{2FC52FDE-1DD8-35DF-B910-EFE8B05D92B0}.MinSizeRel|x64.ActiveCfg = MinSizeRel|x64
		{2FC52FDE-1DD8-35DF-B910-EFE8B05D92B0}.MinSizeRel|x64.Build.0 = MinSizeRel|x64
		{2FC52FDE-1DD8-35DF-B910-EFE8B05D92B0}.RelWithDebInfo|x64.ActiveCfg = RelWithDebInfo|x64
		{2FC52FDE-1DD8-35DF-B910-EFE8B05D92B0}.RelWithDebInfo|x64.Build.0 = RelWithDebInfo|x64
		{4CE89D3C-26FC-3FCF-96B4-903963D99DFE}.Debug|x64.ActiveCfg = Debug|x64
		{4CE89D3C-26FC-3FCF-96B4-903963D99DFE}.Debug|x64.Build.0 = Debug|x64
		{4CE89D3C-26FC-3FCF-96B4-903963D99DFE}.Release|x64.ActiveCfg = Release|x64
		{4CE89D3C-26FC-3FCF-96B4-903963D99DFE}.Release|x64.Build.0 = Release|x64
		{4CE89D3C-26FC-3FCF-96B4-903963D99DFE}.MinSizeRel|x64.ActiveCfg = MinSizeRel|x64
		{4CE89D3C-26FC-3FCF-96B4-903963D99DFE}.MinSizeRel|x64.Build.0 = MinSizeRel|x64
		{4CE89D3C-26FC-3FCF-96B4-903963D99DFE}.RelWithDebInfo|x64.ActiveCfg = RelWithDebInfo|x64
		{4CE89D3C-26FC-3FCF-96B4-903963D99DFE}.RelWithDebInfo|x64.Build.0 = RelWithDebInfo|x64
		{BE087598-85A0-3462-90CA-0E1F2717FB4A}.Debug|x64.ActiveCfg = Debug|x64
		{BE087598-85A0-3462-90CA-0E1F2717FB4A}.Debug|x64.Build.0 = Debug|x64
		{BE087598-85A0-3462-90CA-0E1F2717FB4A}.Release|x64.ActiveCfg = Release|x64
		{BE087598-85A0-3462-90CA-0E1F2717FB4A}.Release|x64.Build.0 = Release|x64
		{BE087598-85A0-3462-90CA-0E1F2717FB4A}.MinSizeRel|x64.ActiveCfg = MinSizeRel|x64
		{BE087598-85A0-3462-90CA-0E1F2717FB4A}.MinSizeRel|x64.Build.0 = MinSizeRel|x64
		{BE087598-85A0-3462-90CA-0E1F2717FB4A}.RelWithDebInfo|x64.ActiveCfg = RelWithDebInfo|x64
		{BE087598-85A0-3462-90CA-0E1F2717FB4A}.RelWithDebInfo|x64.Build.0 = RelWithDebInfo|x64
		{22F788C1-146B-395D-85C4-417EF4E03820}.Debug|x64.ActiveCfg = Debug|x64
		{22F788C1-146B-395D-85C4-417EF4E03820}.Debug|x64.Build.0 = Debug|x64
		{22F788C1-146B-395D-85C4-417EF4E03820}.Release|x64.ActiveCfg = Release|x64
		{22F788C1-146B-395D-85C4-417EF4E03820}.Release|x64.Build.0 = Release|x64
		{22F788C1-146B-395D-85C4-417EF4E03820}.MinSizeRel|x64.ActiveCfg = MinSizeRel|x64
		{22F788C1-146B-395D-85C4-417EF4E03820}.MinSizeRel|x64.Build.0 = MinSizeRel|x64
		{22F788C1-146B-395D-85C4-417EF4E03820}.RelWithDebInfo|x64.ActiveCfg = RelWithDebInfo|x64
		{22F788C1-146B-395D-85C4-417EF4E03820}.RelWithDebInfo|x64.Build.0 = RelWithDebInfo|x64
		{7F6E5796-577D-34CC-A5F6-4C71749DE89B}.Debug|x64.ActiveCfg = Debug|x64
		{7F6E5796-577D-34CC-A5F6-4C71749DE89B}.Debug|x64.Build.0 = Debug|x64
		{7F6E5796-577D-34CC-A5F6-4C71749DE89B}.Release|x64.ActiveCfg = Release|x64
		{7F6E5796-577D-34CC-A5F6-4C71749DE89B}.Release|x64.Build.0 = Release|x64
		{7F6E5796-577D-34CC-A5F6-4C71749DE89B}.MinSizeRel|x64.ActiveCfg = MinSizeRel|x64
		{7F6E5796-577D-34CC-A5F6-4C71749DE89B}.MinSizeRel|x64.Build.0 = MinSizeRel|x64
		{7F6E5796-577D-34CC-A5F6-4C71749DE89B}.RelWithDebInfo|x64.ActiveCfg = RelWithDebInfo|x64
		{7F6E5796-577D-34CC-A5F6-4C71749DE89B}.RelWithDebInfo|x64.Build.0 = RelWithDebInfo|x64
		{57003D19-57AE-3915-ABB8-F1885F050874}.Debug|x64.ActiveCfg = Debug|x64
		{57003D19-57AE-3915-ABB8-F1885F050874}.Debug|x64.Build.0 = Debug|x64
		{57003D19-57AE-3915-ABB8-F1885F050874}.Release|x64.ActiveCfg = Release|x64
		{57003D19-57AE-3915-ABB8-F1885F050874}.Release|x64.Build.0 = Release|x64
		{57003D19-57AE-3915-ABB8-F1885F050874}.MinSizeRel|x64.ActiveCfg = MinSizeRel|x64
		{57003D19-57AE-3915-ABB8-F1885F050874}.MinSizeRel|x64.Build.0 = MinSizeRel|x64
		{57003D19-57AE-3915-ABB8-F1885F050874}.RelWithDebInfo|x64.ActiveCfg = RelWithDebInfo|x64
		{57003D19-57AE-3915-ABB8-F1885F050874}.RelWithDebInfo|x64.Build.0 = RelWithDebInfo|x64
		{BE392409-FE45-35D9-A138-A72E9F9342A1}.Debug|x64.ActiveCfg = Debug|x64
		{BE392409-FE45-35D9-A138-A72E9F9342A1}.Debug|x64.Build.0 = Debug|x64
		{BE392409-FE45-35D9-A138-A72E9F9342A1}.Release|x64.ActiveCfg = Release|x64
		{BE392409-FE45-35D9-A138-A72E9F9342A1}.Release|x64.Build.0 = Release|x64
		{BE392409-FE45-35D9-A138-A72E9F9342A1}.MinSizeRel|x64.ActiveCfg = MinSizeRel|x64
		{BE392409-FE45-35D9-A138-A72E9F9342A1}.MinSizeRel|x64.Build.0 = MinSizeRel|x64
		{BE392409-FE45-35D9-A138-A72E9F9342A1}.RelWithDebInfo|x64.ActiveCfg = RelWithDebInfo|x64
		{BE392409-FE45-35D9-A138-A72E9F9342A1}.RelWithDebInfo|x64.Build.0 = RelWithDebInfo|x64
		{5B121031-9B37-3674-9FFF-30640F67D549}.Debug|x64.ActiveCfg = Debug|x64
		{5B121031-9B37-3674-9FFF-30640F67D549}.Debug|x64.Build.0 = Debug|x64
		{5B121031-9B37-3674-9FFF-30640F67D549}.Release|x64.ActiveCfg = Release|x64
		{5B121031-9B37-3674-9FFF-30640F67D549}.Release|x64.Build.0 = Release|x64
		{5B121031-9B37-3674-9FFF-30640F67D549}.MinSizeRel|x64.ActiveCfg = MinSizeRel|x64
		{5B121031-9B37-3674-9FFF-30640F67D549}.MinSizeRel|x64.Build.0 = MinSizeRel|x64
		{5B121031-9B37-3674-9FFF-30640F67D549}.RelWithDebInfo|x64.ActiveCfg = RelWithDebInfo|x64
		{5B121031-9B37-3674-9FFF-30640F67D549}.RelWithDebInfo|x64.Build.0 = RelWithDebInfo|x64
		{62296CB0-8FBD-3194-86A8-D5BA1DA278CC}.Debug|x64.ActiveCfg = Debug|x64
		{62296CB0-8FBD-3194-86A8-D5BA1DA278CC}.Debug|x64.Build.0 = Debug|x64
		{62296CB0-8FBD-3194-86A8-D5BA1DA278CC}.Release|x64.ActiveCfg = Release|x64
		{62296CB0-8FBD-3194-86A8-D5BA1DA278CC}.Release|x64.Build.0 = Release|x64
		{62296CB0-8FBD-3194-86A8-D5BA1DA278CC}.MinSizeRel|x64.ActiveCfg = MinSizeRel|x64
		{62296CB0-8FBD-3194-86A8-D5BA1DA278CC}.MinSizeRel|x64.Build.0 = MinSizeRel|x64
		{62296CB0-8FBD-3194-86A8-D5BA1DA278CC}.RelWithDebInfo|x64.ActiveCfg = RelWithDebInfo|x64
		{62296CB0-8FBD-3194-86A8-D5BA1DA278CC}.RelWithDebInfo|x64.Build.0 = RelWithDebInfo|x64
		{4B328AE6-1FD5-33FD-B15C-C2F7264F62F7}.Debug|x64.ActiveCfg = Debug|x64
		{4B328AE6-1FD5-33FD-B15C-C2F7264F62F7}.Release|x64.ActiveCfg = Release|x64
		{4B328AE6-1FD5-33FD-B15C-C2F7264F62F7}.MinSizeRel|x64.ActiveCfg = MinSizeRel|x64
		{4B328AE6-1FD5-33FD-B15C-C2F7264F62F7}.RelWithDebInfo|x64.ActiveCfg = RelWithDebInfo|x64
		{33489BD5-502A-3AA9-BB54-2B79A36A821A}.Debug|x64.ActiveCfg = Debug|x64
		{33489BD5-502A-3AA9-BB54-2B79A36A821A}.Release|x64.ActiveCfg = Release|x64
		{33489BD5-502A-3AA9-BB54-2B79A36A821A}.MinSizeRel|x64.ActiveCfg = MinSizeRel|x64
		{33489BD5-502A-3AA9-BB54-2B79A36A821A}.RelWithDebInfo|x64.ActiveCfg = RelWithDebInfo|x64
		{33B3B05E-9E2D-3B33-86D8-C28CD4B3D2E9}.Debug|x64.ActiveCfg = Debug|x64
		{33B3B05E-9E2D-3B33-86D8-C28CD4B3D2E9}.Debug|x64.Build.0 = Debug|x64
		{33B3B05E-9E2D-3B33-86D8-C28CD4B3D2E9}.Release|x64.ActiveCfg = Release|x64
		{33B3B05E-9E2D-3B33-86D8-C28CD4B3D2E9}.Release|x64.Build.0 = Release|x64
		{33B3B05E-9E2D-3B33-86D8-C28CD4B3D2E9}.MinSizeRel|x64.ActiveCfg = MinSizeRel|x64
		{33B3B05E-9E2D-3B33-86D8-C28CD4B3D2E9}.MinSizeRel|x64.Build.0 = MinSizeRel|x64
		{33B3B05E-9E2D-3B33-86D8-C28CD4B3D2E9}.RelWithDebInfo|x64.ActiveCfg = RelWithDebInfo|x64
		{33B3B05E-9E2D-3B33-86D8-C28CD4B3D2E9}.RelWithDebInfo|x64.Build.0 = RelWithDebInfo|x64
		{01435949-A8CD-3FBE-A367-F4937BC60C01}.Debug|x64.ActiveCfg = Debug|x64
		{01435949-A8CD-3FBE-A367-F4937BC60C01}.Debug|x64.Build.0 = Debug|x64
		{01435949-A8CD-3FBE-A367-F4937BC60C01}.Release|x64.ActiveCfg = Release|x64
		{01435949-A8CD-3FBE-A367-F4937BC60C01}.Release|x64.Build.0 = Release|x64
		{01435949-A8CD-3FBE-A367-F4937BC60C01}.MinSizeRel|x64.ActiveCfg = MinSizeRel|x64
		{01435949-A8CD-3FBE-A367-F4937BC60C01}.MinSizeRel|x64.Build.0 = MinSizeRel|x64
		{01435949-A8CD-3FBE-A367-F4937BC60C01}.RelWithDebInfo|x64.ActiveCfg = RelWithDebInfo|x64
		{01435949-A8CD-3FBE-A367-F4937BC60C01}.RelWithDebInfo|x64.Build.0 = RelWithDebInfo|x64
		{C89CC5EA-D547-36C1-B12C-63FDC45C800B}.Debug|x64.ActiveCfg = Debug|x64
		{C89CC5EA-D547-36C1-B12C-63FDC45C800B}.Debug|x64.Build.0 = Debug|x64
		{C89CC5EA-D547-36C1-B12C-63FDC45C800B}.Release|x64.ActiveCfg = Release|x64
		{C89CC5EA-D547-36C1-B12C-63FDC45C800B}.Release|x64.Build.0 = Release|x64
		{C89CC5EA-D547-36C1-B12C-63FDC45C800B}.MinSizeRel|x64.ActiveCfg = MinSizeRel|x64
		{C89CC5EA-D547-36C1-B12C-63FDC45C800B}.MinSizeRel|x64.Build.0 = MinSizeRel|x64
		{C89CC5EA-D547-36C1-B12C-63FDC45C800B}.RelWithDebInfo|x64.ActiveCfg = RelWithDebInfo|x64
		{C89CC5EA-D547-36C1-B12C-63FDC45C800B}.RelWithDebInfo|x64.Build.0 = RelWithDebInfo|x64
		{D9504BD6-7562-328E-98DD-646DC1ECD578}.Debug|x64.ActiveCfg = Debug|x64
		{D9504BD6-7562-328E-98DD-646DC1ECD578}.Debug|x64.Build.0 = Debug|x64
		{D9504BD6-7562-328E-98DD-646DC1ECD578}.Release|x64.ActiveCfg = Release|x64
		{D9504BD6-7562-328E-98DD-646DC1ECD578}.Release|x64.Build.0 = Release|x64
		{D9504BD6-7562-328E-98DD-646DC1ECD578}.MinSizeRel|x64.ActiveCfg = MinSizeRel|x64
		{D9504BD6-7562-328E-98DD-646DC1ECD578}.MinSizeRel|x64.Build.0 = MinSizeRel|x64
		{D9504BD6-7562-328E-98DD-646DC1ECD578}.RelWithDebInfo|x64.ActiveCfg = RelWithDebInfo|x64
		{D9504BD6-7562-328E-98DD-646DC1ECD578}.RelWithDebInfo|x64.Build.0 = RelWithDebInfo|x64
		{2F2F22B3-F522-346B-A313-9265CEE8A7BA}.Debug|x64.ActiveCfg = Debug|x64
		{2F2F22B3-F522-346B-A313-9265CEE8A7BA}.Debug|x64.Build.0 = Debug|x64
		{2F2F22B3-F522-346B-A313-9265CEE8A7BA}.Release|x64.ActiveCfg = Release|x64
		{2F2F22B3-F522-346B-A313-9265CEE8A7BA}.Release|x64.Build.0 = Release|x64
		{2F2F22B3-F522-346B-A313-9265CEE8A7BA}.MinSizeRel|x64.ActiveCfg = MinSizeRel|x64
		{2F2F22B3-F522-346B-A313-9265CEE8A7BA}.MinSizeRel|x64.Build.0 = MinSizeRel|x64
		{2F2F22B3-F522-346B-A313-9265CEE8A7BA}.RelWithDebInfo|x64.ActiveCfg = RelWithDebInfo|x64
		{2F2F22B3-F522-346B-A313-9265CEE8A7BA}.RelWithDebInfo|x64.Build.0 = RelWithDebInfo|x64
		{4543503A-91D9-3BBF-8C7E-9B6238CE0FB4}.Debug|x64.ActiveCfg = Debug|x64
		{4543503A-91D9-3BBF-8C7E-9B6238CE0FB4}.Debug|x64.Build.0 = Debug|x64
		{4543503A-91D9-3BBF-8C7E-9B6238CE0FB4}.Release|x64.ActiveCfg = Release|x64
		{4543503A-91D9-3BBF-8C7E-9B6238CE0FB4}.Release|x64.Build.0 = Release|x64
		{4543503A-91D9-3BBF-8C7E-9B6238CE0FB4}.MinSizeRel|x64.ActiveCfg = MinSizeRel|x64
		{4543503A-91D9-3BBF-8C7E-9B6238CE0FB4}.MinSizeRel|x64.Build.0 = MinSizeRel|x64
		{4543503A-91D9-3BBF-8C7E-9B6238CE0FB4}.RelWithDebInfo|x64.ActiveCfg = RelWithDebInfo|x64
		{4543503A-91D9-3BBF-8C7E-9B6238CE0FB4}.RelWithDebInfo|x64.Build.0 = RelWithDebInfo|x64
		{8EE49189-CE03-3835-B3DC-47E4CDBBAA3D}.Debug|x64.ActiveCfg = Debug|x64
		{8EE49189-CE03-3835-B3DC-47E4CDBBAA3D}.Debug|x64.Build.0 = Debug|x64
		{8EE49189-CE03-3835-B3DC-47E4CDBBAA3D}.Release|x64.ActiveCfg = Release|x64
		{8EE49189-CE03-3835-B3DC-47E4CDBBAA3D}.Release|x64.Build.0 = Release|x64
		{8EE49189-CE03-3835-B3DC-47E4CDBBAA3D}.MinSizeRel|x64.ActiveCfg = MinSizeRel|x64
		{8EE49189-CE03-3835-B3DC-47E4CDBBAA3D}.MinSizeRel|x64.Build.0 = MinSizeRel|x64
		{8EE49189-CE03-3835-B3DC-47E4CDBBAA3D}.RelWithDebInfo|x64.ActiveCfg = RelWithDebInfo|x64
		{8EE49189-CE03-3835-B3DC-47E4CDBBAA3D}.RelWithDebInfo|x64.Build.0 = RelWithDebInfo|x64
		{E7DBDD3C-D014-348C-B7EC-1414E042549C}.Debug|x64.ActiveCfg = Debug|x64
		{E7DBDD3C-D014-348C-B7EC-1414E042549C}.Debug|x64.Build.0 = Debug|x64
		{E7DBDD3C-D014-348C-B7EC-1414E042549C}.Release|x64.ActiveCfg = Release|x64
		{E7DBDD3C-D014-348C-B7EC-1414E042549C}.Release|x64.Build.0 = Release|x64
		{E7DBDD3C-D014-348C-B7EC-1414E042549C}.MinSizeRel|x64.ActiveCfg = MinSizeRel|x64
		{E7DBDD3C-D014-348C-B7EC-1414E042549C}.MinSizeRel|x64.Build.0 = MinSizeRel|x64
		{E7DBDD3C-D014-348C-B7EC-1414E042549C}.RelWithDebInfo|x64.ActiveCfg = RelWithDebInfo|x64
		{E7DBDD3C-D014-348C-B7EC-1414E042549C}.RelWithDebInfo|x64.Build.0 = RelWithDebInfo|x64
		{17D75F43-547C-35D3-8495-2E20F36F3688}.Debug|x64.ActiveCfg = Debug|x64
		{17D75F43-547C-35D3-8495-2E20F36F3688}.Debug|x64.Build.0 = Debug|x64
		{17D75F43-547C-35D3-8495-2E20F36F3688}.Release|x64.ActiveCfg = Release|x64
		{17D75F43-547C-35D3-8495-2E20F36F3688}.Release|x64.Build.0 = Release|x64
		{17D75F43-547C-35D3-8495-2E20F36F3688}.MinSizeRel|x64.ActiveCfg = MinSizeRel|x64
		{17D75F43-547C-35D3-8495-2E20F36F3688}.MinSizeRel|x64.Build.0 = MinSizeRel|x64
		{17D75F43-547C-35D3-8495-2E20F36F3688}.RelWithDebInfo|x64.ActiveCfg = RelWithDebInfo|x64
		{17D75F43-547C-35D3-8495-2E20F36F3688}.RelWithDebInfo|x64.Build.0 = RelWithDebInfo|x64
		{D65248CE-41C3-3452-A016-CCF30E7A1989}.Debug|x64.ActiveCfg = Debug|x64
		{D65248CE-41C3-3452-A016-CCF30E7A1989}.Debug|x64.Build.0 = Debug|x64
		{D65248CE-41C3-3452-A016-CCF30E7A1989}.Release|x64.ActiveCfg = Release|x64
		{D65248CE-41C3-3452-A016-CCF30E7A1989}.Release|x64.Build.0 = Release|x64
		{D65248CE-41C3-3452-A016-CCF30E7A1989}.MinSizeRel|x64.ActiveCfg = MinSizeRel|x64
		{D65248CE-41C3-3452-A016-CCF30E7A1989}.MinSizeRel|x64.Build.0 = MinSizeRel|x64
		{D65248CE-41C3-3452-A016-CCF30E7A1989}.RelWithDebInfo|x64.ActiveCfg = RelWithDebInfo|x64
		{D65248CE-41C3-3452-A016-CCF30E7A1989}.RelWithDebInfo|x64.Build.0 = RelWithDebInfo|x64
		{D9DE09A6-1B1B-30C6-907B-9A0D9BD85002}.Debug|x64.ActiveCfg = Debug|x64
		{D9DE09A6-1B1B-30C6-907B-9A0D9BD85002}.Debug|x64.Build.0 = Debug|x64
		{D9DE09A6-1B1B-30C6-907B-9A0D9BD85002}.Release|x64.ActiveCfg = Release|x64
		{D9DE09A6-1B1B-30C6-907B-9A0D9BD85002}.Release|x64.Build.0 = Release|x64
		{D9DE09A6-1B1B-30C6-907B-9A0D9BD85002}.MinSizeRel|x64.ActiveCfg = MinSizeRel|x64
		{D9DE09A6-1B1B-30C6-907B-9A0D9BD85002}.MinSizeRel|x64.Build.0 = MinSizeRel|x64
		{D9DE09A6-1B1B-30C6-907B-9A0D9BD85002}.RelWithDebInfo|x64.ActiveCfg = RelWithDebInfo|x64
		{D9DE09A6-1B1B-30C6-907B-9A0D9BD85002}.RelWithDebInfo|x64.Build.0 = RelWithDebInfo|x64
		{D1BBA096-3B0A-31D9-888F-43DA4459D68C}.Debug|x64.ActiveCfg = Debug|x64
		{D1BBA096-3B0A-31D9-888F-43DA4459D68C}.Debug|x64.Build.0 = Debug|x64
		{D1BBA096-3B0A-31D9-888F-43DA4459D68C}.Release|x64.ActiveCfg = Release|x64
		{D1BBA096-3B0A-31D9-888F-43DA4459D68C}.Release|x64.Build.0 = Release|x64
		{D1BBA096-3B0A-31D9-888F-43DA4459D68C}.MinSizeRel|x64.ActiveCfg = MinSizeRel|x64
		{D1BBA096-3B0A-31D9-888F-43DA4459D68C}.MinSizeRel|x64.Build.0 = MinSizeRel|x64
		{D1BBA096-3B0A-31D9-888F-43DA4459D68C}.RelWithDebInfo|x64.ActiveCfg = RelWithDebInfo|x64
		{D1BBA096-3B0A-31D9-888F-43DA4459D68C}.RelWithDebInfo|x64.Build.0 = RelWithDebInfo|x64
		{2368BCED-8F1D-3023-89B0-259A1A52207A}.Debug|x64.ActiveCfg = Debug|x64
		{2368BCED-8F1D-3023-89B0-259A1A52207A}.Debug|x64.Build.0 = Debug|x64
		{2368BCED-8F1D-3023-89B0-259A1A52207A}.Release|x64.ActiveCfg = Release|x64
		{2368BCED-8F1D-3023-89B0-259A1A52207A}.Release|x64.Build.0 = Release|x64
		{2368BCED-8F1D-3023-89B0-259A1A52207A}.MinSizeRel|x64.ActiveCfg = MinSizeRel|x64
		{2368BCED-8F1D-3023-89B0-259A1A52207A}.MinSizeRel|x64.Build.0 = MinSizeRel|x64
		{2368BCED-8F1D-3023-89B0-259A1A52207A}.RelWithDebInfo|x64.ActiveCfg = RelWithDebInfo|x64
		{2368BCED-8F1D-3023-89B0-259A1A52207A}.RelWithDebInfo|x64.Build.0 = RelWithDebInfo|x64
		{BD2B6394-A0D3-3BEB-9027-69A91B1023A1}.Debug|x64.ActiveCfg = Debug|x64
		{BD2B6394-A0D3-3BEB-9027-69A91B1023A1}.Release|x64.ActiveCfg = Release|x64
		{BD2B6394-A0D3-3BEB-9027-69A91B1023A1}.MinSizeRel|x64.ActiveCfg = MinSizeRel|x64
		{BD2B6394-A0D3-3BEB-9027-69A91B1023A1}.RelWithDebInfo|x64.ActiveCfg = RelWithDebInfo|x64
		{6E5DE55C-330A-3E0D-BB3D-E20D4D5BE09C}.Debug|x64.ActiveCfg = Debug|x64
		{6E5DE55C-330A-3E0D-BB3D-E20D4D5BE09C}.Debug|x64.Build.0 = Debug|x64
		{6E5DE55C-330A-3E0D-BB3D-E20D4D5BE09C}.Release|x64.ActiveCfg = Release|x64
		{6E5DE55C-330A-3E0D-BB3D-E20D4D5BE09C}.Release|x64.Build.0 = Release|x64
		{6E5DE55C-330A-3E0D-BB3D-E20D4D5BE09C}.MinSizeRel|x64.ActiveCfg = MinSizeRel|x64
		{6E5DE55C-330A-3E0D-BB3D-E20D4D5BE09C}.MinSizeRel|x64.Build.0 = MinSizeRel|x64
		{6E5DE55C-330A-3E0D-BB3D-E20D4D5BE09C}.RelWithDebInfo|x64.ActiveCfg = RelWithDebInfo|x64
		{6E5DE55C-330A-3E0D-BB3D-E20D4D5BE09C}.RelWithDebInfo|x64.Build.0 = RelWithDebInfo|x64
		{1B2D518F-A618-38F7-9A95-8D95F171A444}.Debug|x64.ActiveCfg = Debug|x64
		{1B2D518F-A618-38F7-9A95-8D95F171A444}.Debug|x64.Build.0 = Debug|x64
		{1B2D518F-A618-38F7-9A95-8D95F171A444}.Release|x64.ActiveCfg = Release|x64
		{1B2D518F-A618-38F7-9A95-8D95F171A444}.Release|x64.Build.0 = Release|x64
		{1B2D518F-A618-38F7-9A95-8D95F171A444}.MinSizeRel|x64.ActiveCfg = MinSizeRel|x64
		{1B2D518F-A618-38F7-9A95-8D95F171A444}.MinSizeRel|x64.Build.0 = MinSizeRel|x64
		{1B2D518F-A618-38F7-9A95-8D95F171A444}.RelWithDebInfo|x64.ActiveCfg = RelWithDebInfo|x64
		{1B2D518F-A618-38F7-9A95-8D95F171A444}.RelWithDebInfo|x64.Build.0 = RelWithDebInfo|x64
	EndGlobalSection
	GlobalSection(NestedProjects) = preSolution
		{1914F34F-074B-3C5A-AFEB-2084445AD740} = {7CFAF2C1-5934-370D-B2DF-050AA1233233}
		{4B328AE6-1FD5-33FD-B15C-C2F7264F62F7} = {7CFAF2C1-5934-370D-B2DF-050AA1233233}
		{33B3B05E-9E2D-3B33-86D8-C28CD4B3D2E9} = {7CFAF2C1-5934-370D-B2DF-050AA1233233}
		{BE392409-FE45-35D9-A138-A72E9F9342A1} = {E5D989F0-DDB1-38F6-AAA6-9716979B52F2}
		{5B121031-9B37-3674-9FFF-30640F67D549} = {E5D989F0-DDB1-38F6-AAA6-9716979B52F2}
		{01435949-A8CD-3FBE-A367-F4937BC60C01} = {E5D989F0-DDB1-38F6-AAA6-9716979B52F2}
		{C89CC5EA-D547-36C1-B12C-63FDC45C800B} = {E5D989F0-DDB1-38F6-AAA6-9716979B52F2}
		{2F2F22B3-F522-346B-A313-9265CEE8A7BA} = {E5D989F0-DDB1-38F6-AAA6-9716979B52F2}
		{4543503A-91D9-3BBF-8C7E-9B6238CE0FB4} = {E5D989F0-DDB1-38F6-AAA6-9716979B52F2}
		{8EE49189-CE03-3835-B3DC-47E4CDBBAA3D} = {E5D989F0-DDB1-38F6-AAA6-9716979B52F2}
		{E7DBDD3C-D014-348C-B7EC-1414E042549C} = {E5D989F0-DDB1-38F6-AAA6-9716979B52F2}
		{D9DE09A6-1B1B-30C6-907B-9A0D9BD85002} = {E5D989F0-DDB1-38F6-AAA6-9716979B52F2}
		{D1BBA096-3B0A-31D9-888F-43DA4459D68C} = {E5D989F0-DDB1-38F6-AAA6-9716979B52F2}
		{2368BCED-8F1D-3023-89B0-259A1A52207A} = {E5D989F0-DDB1-38F6-AAA6-9716979B52F2}
		{6E5DE55C-330A-3E0D-BB3D-E20D4D5BE09C} = {E5D989F0-DDB1-38F6-AAA6-9716979B52F2}
		{17D75F43-547C-35D3-8495-2E20F36F3688} = {E895B466-16C9-36AD-92C3-0C3AF3619F1C}
		{62296CB0-8FBD-3194-86A8-D5BA1DA278CC} = {BCFDD55A-4168-3AED-912E-37070EAC9A5B}
		{33489BD5-502A-3AA9-BB54-2B79A36A821A} = {BCFDD55A-4168-3AED-912E-37070EAC9A5B}
		{D9504BD6-7562-328E-98DD-646DC1ECD578} = {BCFDD55A-4168-3AED-912E-37070EAC9A5B}
		{D65248CE-41C3-3452-A016-CCF30E7A1989} = {BCFDD55A-4168-3AED-912E-37070EAC9A5B}
		{BD2B6394-A0D3-3BEB-9027-69A91B1023A1} = {BCFDD55A-4168-3AED-912E-37070EAC9A5B}
		{1B2D518F-A618-38F7-9A95-8D95F171A444} = {BCFDD55A-4168-3AED-912E-37070EAC9A5B}
	EndGlobalSection
	GlobalSection(ExtensibilityGlobals) = postSolution
	EndGlobalSection
	GlobalSection(ExtensibilityAddIns) = postSolution
	EndGlobalSection
EndGlobal
