<?xml version="1.0" encoding="UTF-8"?>
<Project ToolsVersion="14.0" xmlns="http://schemas.microsoft.com/developer/msbuild/2003">
  <ItemGroup>
    <CustomBuild Include="C:\Users\40204497\Desktop\set08116\labs_build\CMakeFiles\3cca93a271cf8ed9d6d9c3f56b9fa0af\INSTALL_force.rule">
      <Filter>CMake Rules</Filter>
    </CustomBuild>
  </ItemGroup>
  <ItemGroup>
    <Filter Include="CMake Rules">
      <UniqueIdentifier>{07F17D27-888B-316E-ABA0-2E249FA42E4F}</UniqueIdentifier>
    </Filter>
  </ItemGroup>
</Project>
