Microsoft Visual Studio Solution File, Format Version 12.00
# Visual Studio 14
Project("{2150E333-8FDC-42A3-9474-1A3956D46DE8}") = "CMakePredefinedTargets", "CMakePredefinedTargets", "{7CFAF2C1-5934-370D-B2DF-050AA1233233}"
EndProject
Project("{2150E333-8FDC-42A3-9474-1A3956D46DE8}") = "DEPS", "DEPS", "{E5D989F0-DDB1-38F6-AAA6-9716979B52F2}"
EndProject
Project("{8BC9CEB8-8B4A-11D0-8D11-00A0C91BC942}") = "ALL_BUILD", "ALL_BUILD.vcxproj", "{1914F34F-074B-3C5A-AFEB-2084445AD740}"
	ProjectSection(ProjectDependencies) = postProject
		{33B3B05E-9E2D-3B33-86D8-C28CD4B3D2E9} = {33B3B05E-9E2D-3B33-86D8-C28CD4B3D2E9}
		{8EE49189-CE03-3835-B3DC-47E4CDBBAA3D} = {8EE49189-CE03-3835-B3DC-47E4CDBBAA3D}
	EndProjectSection
EndProject
Project("{8BC9CEB8-8B4A-11D0-8D11-00A0C91BC942}") = "INSTALL", "INSTALL.vcxproj", "{4B328AE6-1FD5-33FD-B15C-C2F7264F62F7}"
	ProjectSection(ProjectDependencies) = postProject
		{1914F34F-074B-3C5A-AFEB-2084445AD740} = {1914F34F-074B-3C5A-AFEB-2084445AD740}
		{33B3B05E-9E2D-3B33-86D8-C28CD4B3D2E9} = {33B3B05E-9E2D-3B33-86D8-C28CD4B3D2E9}
	EndProjectSection
EndProject
Project("{8BC9CEB8-8B4A-11D0-8D11-00A0C91BC942}") = "ZERO_CHECK", "..\\ZERO_CHECK.vcxproj", "{33B3B05E-9E2D-3B33-86D8-C28CD4B3D2E9}"
	ProjectSection(ProjectDependencies) = postProject
	EndProjectSection
EndProject
Project("{8BC9CEB8-8B4A-11D0-8D11-00A0C91BC942}") = "glm_dummy", "glm\glm_dummy.vcxproj", "{8EE49189-CE03-3835-B3DC-47E4CDBBAA3D}"
	ProjectSection(ProjectDependencies) = postProject
		{33B3B05E-9E2D-3B33-86D8-C28CD4B3D2E9} = {33B3B05E-9E2D-3B33-86D8-C28CD4B3D2E9}
	EndProjectSection
EndProject
Global
	GlobalSection(SolutionConfigurationPlatforms) = preSolution
		Debug|x64 = Debug|x64
		Release|x64 = Release|x64
		MinSizeRel|x64 = MinSizeRel|x64
		RelWithDebInfo|x64 = RelWithDebInfo|x64
	EndGlobalSection
	GlobalSection(ProjectConfigurationPlatforms) = postSolution
		{1914F34F-074B-3C5A-AFEB-2084445AD740}.Debug|x64.ActiveCfg = Debug|x64
		{1914F34F-074B-3C5A-AFEB-2084445AD740}.Debug|x64.Build.0 = Debug|x64
		{1914F34F-074B-3C5A-AFEB-2084445AD740}.Release|x64.ActiveCfg = Release|x64
		{1914F34F-074B-3C5A-AFEB-2084445AD740}.Release|x64.Build.0 = Release|x64
		{1914F34F-074B-3C5A-AFEB-2084445AD740}.MinSizeRel|x64.ActiveCfg = MinSizeRel|x64
		{1914F34F-074B-3C5A-AFEB-2084445AD740}.MinSizeRel|x64.Build.0 = MinSizeRel|x64
		{1914F34F-074B-3C5A-AFEB-2084445AD740}.RelWithDebInfo|x64.ActiveCfg = RelWithDebInfo|x64
		{1914F34F-074B-3C5A-AFEB-2084445AD740}.RelWithDebInfo|x64.Build.0 = RelWithDebInfo|x64
		{4B328AE6-1FD5-33FD-B15C-C2F7264F62F7}.Debug|x64.ActiveCfg = Debug|x64
		{4B328AE6-1FD5-33FD-B15C-C2F7264F62F7}.Release|x64.ActiveCfg = Release|x64
		{4B328AE6-1FD5-33FD-B15C-C2F7264F62F7}.MinSizeRel|x64.ActiveCfg = MinSizeRel|x64
		{4B328AE6-1FD5-33FD-B15C-C2F7264F62F7}.RelWithDebInfo|x64.ActiveCfg = RelWithDebInfo|x64
		{33B3B05E-9E2D-3B33-86D8-C28CD4B3D2E9}.Debug|x64.ActiveCfg = Debug|x64
		{33B3B05E-9E2D-3B33-86D8-C28CD4B3D2E9}.Debug|x64.Build.0 = Debug|x64
		{33B3B05E-9E2D-3B33-86D8-C28CD4B3D2E9}.Release|x64.ActiveCfg = Release|x64
		{33B3B05E-9E2D-3B33-86D8-C28CD4B3D2E9}.Release|x64.Build.0 = Release|x64
		{33B3B05E-9E2D-3B33-86D8-C28CD4B3D2E9}.MinSizeRel|x64.ActiveCfg = MinSizeRel|x64
		{33B3B05E-9E2D-3B33-86D8-C28CD4B3D2E9}.MinSizeRel|x64.Build.0 = MinSizeRel|x64
		{33B3B05E-9E2D-3B33-86D8-C28CD4B3D2E9}.RelWithDebInfo|x64.ActiveCfg = RelWithDebInfo|x64
		{33B3B05E-9E2D-3B33-86D8-C28CD4B3D2E9}.RelWithDebInfo|x64.Build.0 = RelWithDebInfo|x64
		{8EE49189-CE03-3835-B3DC-47E4CDBBAA3D}.Debug|x64.ActiveCfg = Debug|x64
		{8EE49189-CE03-3835-B3DC-47E4CDBBAA3D}.Debug|x64.Build.0 = Debug|x64
		{8EE49189-CE03-3835-B3DC-47E4CDBBAA3D}.Release|x64.ActiveCfg = Release|x64
		{8EE49189-CE03-3835-B3DC-47E4CDBBAA3D}.Release|x64.Build.0 = Release|x64
		{8EE49189-CE03-3835-B3DC-47E4CDBBAA3D}.MinSizeRel|x64.ActiveCfg = MinSizeRel|x64
		{8EE49189-CE03-3835-B3DC-47E4CDBBAA3D}.MinSizeRel|x64.Build.0 = MinSizeRel|x64
		{8EE49189-CE03-3835-B3DC-47E4CDBBAA3D}.RelWithDebInfo|x64.ActiveCfg = RelWithDebInfo|x64
		{8EE49189-CE03-3835-B3DC-47E4CDBBAA3D}.RelWithDebInfo|x64.Build.0 = RelWithDebInfo|x64
	EndGlobalSection
	GlobalSection(NestedProjects) = preSolution
		{1914F34F-074B-3C5A-AFEB-2084445AD740} = {7CFAF2C1-5934-370D-B2DF-050AA1233233}
		{4B328AE6-1FD5-33FD-B15C-C2F7264F62F7} = {7CFAF2C1-5934-370D-B2DF-050AA1233233}
		{33B3B05E-9E2D-3B33-86D8-C28CD4B3D2E9} = {7CFAF2C1-5934-370D-B2DF-050AA1233233}
		{8EE49189-CE03-3835-B3DC-47E4CDBBAA3D} = {E5D989F0-DDB1-38F6-AAA6-9716979B52F2}
	EndGlobalSection
	GlobalSection(ExtensibilityGlobals) = postSolution
	EndGlobalSection
	GlobalSection(ExtensibilityAddIns) = postSolution
	EndGlobalSection
EndGlobal
