<?xml version="1.0" encoding="UTF-8"?>
<Project ToolsVersion="14.0" xmlns="http://schemas.microsoft.com/developer/msbuild/2003">
  <ItemGroup>
    <ClCompile Include="C:\Users\40204497\Desktop\set08116\labs_build\libpng-src\png.c">
      <Filter>Source Files</Filter>
    </ClCompile>
    <ClCompile Include="C:\Users\40204497\Desktop\set08116\labs_build\libpng-src\pngerror.c">
      <Filter>Source Files</Filter>
    </ClCompile>
    <ClCompile Include="C:\Users\40204497\Desktop\set08116\labs_build\libpng-src\pngget.c">
      <Filter>Source Files</Filter>
    </ClCompile>
    <ClCompile Include="C:\Users\40204497\Desktop\set08116\labs_build\libpng-src\pngmem.c">
      <Filter>Source Files</Filter>
    </ClCompile>
    <ClCompile Include="C:\Users\40204497\Desktop\set08116\labs_build\libpng-src\pngpread.c">
      <Filter>Source Files</Filter>
    </ClCompile>
    <ClCompile Include="C:\Users\40204497\Desktop\set08116\labs_build\libpng-src\pngread.c">
      <Filter>Source Files</Filter>
    </ClCompile>
    <ClCompile Include="C:\Users\40204497\Desktop\set08116\labs_build\libpng-src\pngrio.c">
      <Filter>Source Files</Filter>
    </ClCompile>
    <ClCompile Include="C:\Users\40204497\Desktop\set08116\labs_build\libpng-src\pngrtran.c">
      <Filter>Source Files</Filter>
    </ClCompile>
    <ClCompile Include="C:\Users\40204497\Desktop\set08116\labs_build\libpng-src\pngrutil.c">
      <Filter>Source Files</Filter>
    </ClCompile>
    <ClCompile Include="C:\Users\40204497\Desktop\set08116\labs_build\libpng-src\pngset.c">
      <Filter>Source Files</Filter>
    </ClCompile>
    <ClCompile Include="C:\Users\40204497\Desktop\set08116\labs_build\libpng-src\pngtrans.c">
      <Filter>Source Files</Filter>
    </ClCompile>
    <ClCompile Include="C:\Users\40204497\Desktop\set08116\labs_build\libpng-src\pngwio.c">
      <Filter>Source Files</Filter>
    </ClCompile>
    <ClCompile Include="C:\Users\40204497\Desktop\set08116\labs_build\libpng-src\pngwrite.c">
      <Filter>Source Files</Filter>
    </ClCompile>
    <ClCompile Include="C:\Users\40204497\Desktop\set08116\labs_build\libpng-src\pngwtran.c">
      <Filter>Source Files</Filter>
    </ClCompile>
    <ClCompile Include="C:\Users\40204497\Desktop\set08116\labs_build\libpng-src\pngwutil.c">
      <Filter>Source Files</Filter>
    </ClCompile>
  </ItemGroup>
  <ItemGroup>
    <ClInclude Include="C:\Users\40204497\Desktop\set08116\labs_build\libpng-src\png.h">
      <Filter>Header Files</Filter>
    </ClInclude>
    <ClInclude Include="C:\Users\40204497\Desktop\set08116\labs_build\libpng-src\pngconf.h">
      <Filter>Header Files</Filter>
    </ClInclude>
    <ClInclude Include="C:\Users\40204497\Desktop\set08116\labs_build\libpng-build\pnglibconf.h">
      <Filter>Header Files</Filter>
    </ClInclude>
    <ClInclude Include="C:\Users\40204497\Desktop\set08116\labs_build\libpng-src\pngpriv.h">
      <Filter>Header Files</Filter>
    </ClInclude>
    <ClInclude Include="C:\Users\40204497\Desktop\set08116\labs_build\libpng-src\pngdebug.h">
      <Filter>Header Files</Filter>
    </ClInclude>
    <ClInclude Include="C:\Users\40204497\Desktop\set08116\labs_build\libpng-src\pnginfo.h">
      <Filter>Header Files</Filter>
    </ClInclude>
    <ClInclude Include="C:\Users\40204497\Desktop\set08116\labs_build\libpng-src\pngstruct.h">
      <Filter>Header Files</Filter>
    </ClInclude>
  </ItemGroup>
  <ItemGroup>
    <CustomBuild Include="C:\Users\40204497\Desktop\set08116\labs_build\libpng-src\CMakeLists.txt" />
  </ItemGroup>
  <ItemGroup>
    <Filter Include="Source Files">
      <UniqueIdentifier>{8BCA308F-D36A-3A7D-86E4-F746847273D2}</UniqueIdentifier>
    </Filter>
    <Filter Include="Header Files">
      <UniqueIdentifier>{FBF56DF6-C99A-3511-BD9A-CA14D7BF5321}</UniqueIdentifier>
    </Filter>
  </ItemGroup>
</Project>
