Microsoft Visual Studio Solution File, Format Version 12.00
# Visual Studio 14
Project("{8BC9CEB8-8B4A-11D0-8D11-00A0C91BC942}") = "ALL_BUILD", "ALL_BUILD.vcxproj", "{89E6B823-C2B4-3345-BEF3-F3751B9EA916}"
	ProjectSection(ProjectDependencies) = postProject
		{DC443536-0D98-3E3C-9ADC-DEE117C12218} = {DC443536-0D98-3E3C-9ADC-DEE117C12218}
		{654F56A5-E344-3E47-A241-EC545D37B9E3} = {654F56A5-E344-3E47-A241-EC545D37B9E3}
	EndProjectSection
EndProject
Project("{8BC9CEB8-8B4A-11D0-8D11-00A0C91BC942}") = "ZERO_CHECK", "ZERO_CHECK.vcxproj", "{DC443536-0D98-3E3C-9ADC-DEE117C12218}"
	ProjectSection(ProjectDependencies) = postProject
	EndProjectSection
EndProject
Project("{8BC9CEB8-8B4A-11D0-8D11-00A0C91BC942}") = "libpng-download", "libpng-download.vcxproj", "{654F56A5-E344-3E47-A241-EC545D37B9E3}"
	ProjectSection(ProjectDependencies) = postProject
		{DC443536-0D98-3E3C-9ADC-DEE117C12218} = {DC443536-0D98-3E3C-9ADC-DEE117C12218}
	EndProjectSection
EndProject
Global
	GlobalSection(SolutionConfigurationPlatforms) = preSolution
		Debug|x64 = Debug|x64
		Release|x64 = Release|x64
		MinSizeRel|x64 = MinSizeRel|x64
		RelWithDebInfo|x64 = RelWithDebInfo|x64
	EndGlobalSection
	GlobalSection(ProjectConfigurationPlatforms) = postSolution
		{89E6B823-C2B4-3345-BEF3-F3751B9EA916}.Debug|x64.ActiveCfg = Debug|x64
		{89E6B823-C2B4-3345-BEF3-F3751B9EA916}.Release|x64.ActiveCfg = Release|x64
		{89E6B823-C2B4-3345-BEF3-F3751B9EA916}.MinSizeRel|x64.ActiveCfg = MinSizeRel|x64
		{89E6B823-C2B4-3345-BEF3-F3751B9EA916}.RelWithDebInfo|x64.ActiveCfg = RelWithDebInfo|x64
		{DC443536-0D98-3E3C-9ADC-DEE117C12218}.Debug|x64.ActiveCfg = Debug|x64
		{DC443536-0D98-3E3C-9ADC-DEE117C12218}.Debug|x64.Build.0 = Debug|x64
		{DC443536-0D98-3E3C-9ADC-DEE117C12218}.Release|x64.ActiveCfg = Release|x64
		{DC443536-0D98-3E3C-9ADC-DEE117C12218}.Release|x64.Build.0 = Release|x64
		{DC443536-0D98-3E3C-9ADC-DEE117C12218}.MinSizeRel|x64.ActiveCfg = MinSizeRel|x64
		{DC443536-0D98-3E3C-9ADC-DEE117C12218}.MinSizeRel|x64.Build.0 = MinSizeRel|x64
		{DC443536-0D98-3E3C-9ADC-DEE117C12218}.RelWithDebInfo|x64.ActiveCfg = RelWithDebInfo|x64
		{DC443536-0D98-3E3C-9ADC-DEE117C12218}.RelWithDebInfo|x64.Build.0 = RelWithDebInfo|x64
		{654F56A5-E344-3E47-A241-EC545D37B9E3}.Debug|x64.ActiveCfg = Debug|x64
		{654F56A5-E344-3E47-A241-EC545D37B9E3}.Debug|x64.Build.0 = Debug|x64
		{654F56A5-E344-3E47-A241-EC545D37B9E3}.Release|x64.ActiveCfg = Release|x64
		{654F56A5-E344-3E47-A241-EC545D37B9E3}.Release|x64.Build.0 = Release|x64
		{654F56A5-E344-3E47-A241-EC545D37B9E3}.MinSizeRel|x64.ActiveCfg = MinSizeRel|x64
		{654F56A5-E344-3E47-A241-EC545D37B9E3}.MinSizeRel|x64.Build.0 = MinSizeRel|x64
		{654F56A5-E344-3E47-A241-EC545D37B9E3}.RelWithDebInfo|x64.ActiveCfg = RelWithDebInfo|x64
		{654F56A5-E344-3E47-A241-EC545D37B9E3}.RelWithDebInfo|x64.Build.0 = RelWithDebInfo|x64
	EndGlobalSection
	GlobalSection(ExtensibilityGlobals) = postSolution
	EndGlobalSection
	GlobalSection(ExtensibilityAddIns) = postSolution
	EndGlobalSection
EndGlobal
